// !$*UTF8*$!
{
	archiveVersion = 1;
	classes = {
	};
	objectVersion = 48;
	objects = {

/* Begin PBXBuildFile section */
		10876D81F281361C7D783D3B /* Pods_HondaHelp.framework in Frameworks */ = {isa = PBXBuildFile; fileRef = F0216319E05CC3CC312C9D20 /* Pods_HondaHelp.framework */; };
		4D9EF45C083B767495862331 /* Pods_HondaResponderTests.framework in Frameworks */ = {isa = PBXBuildFile; fileRef = 68E6234D0AAF6A2C27EA6B8D /* Pods_HondaResponderTests.framework */; };
		5E76866C1FCD3E4900E87DA5 /* SocketStringReader.swift in Sources */ = {isa = PBXBuildFile; fileRef = 5E76864F1FCD3E4900E87DA5 /* SocketStringReader.swift */; };
		5E76866D1FCD3E4900E87DA5 /* SocketStringReader.swift in Sources */ = {isa = PBXBuildFile; fileRef = 5E76864F1FCD3E4900E87DA5 /* SocketStringReader.swift */; };
		5E76866E1FCD3E4900E87DA5 /* SocketLogger.swift in Sources */ = {isa = PBXBuildFile; fileRef = 5E7686501FCD3E4900E87DA5 /* SocketLogger.swift */; };
		5E76866F1FCD3E4900E87DA5 /* SocketLogger.swift in Sources */ = {isa = PBXBuildFile; fileRef = 5E7686501FCD3E4900E87DA5 /* SocketLogger.swift */; };
		5E7686701FCD3E4900E87DA5 /* SocketExtensions.swift in Sources */ = {isa = PBXBuildFile; fileRef = 5E7686511FCD3E4900E87DA5 /* SocketExtensions.swift */; };
		5E7686711FCD3E4900E87DA5 /* SocketExtensions.swift in Sources */ = {isa = PBXBuildFile; fileRef = 5E7686511FCD3E4900E87DA5 /* SocketExtensions.swift */; };
		5E7686721FCD3E4900E87DA5 /* SSLSecurity.swift in Sources */ = {isa = PBXBuildFile; fileRef = 5E7686521FCD3E4900E87DA5 /* SSLSecurity.swift */; };
		5E7686731FCD3E4900E87DA5 /* SSLSecurity.swift in Sources */ = {isa = PBXBuildFile; fileRef = 5E7686521FCD3E4900E87DA5 /* SSLSecurity.swift */; };
		5E7686741FCD3E4900E87DA5 /* SocketTypes.swift in Sources */ = {isa = PBXBuildFile; fileRef = 5E7686531FCD3E4900E87DA5 /* SocketTypes.swift */; };
		5E7686751FCD3E4900E87DA5 /* SocketTypes.swift in Sources */ = {isa = PBXBuildFile; fileRef = 5E7686531FCD3E4900E87DA5 /* SocketTypes.swift */; };
		5E7686761FCD3E4900E87DA5 /* SocketParsable.swift in Sources */ = {isa = PBXBuildFile; fileRef = 5E7686551FCD3E4900E87DA5 /* SocketParsable.swift */; };
		5E7686771FCD3E4900E87DA5 /* SocketParsable.swift in Sources */ = {isa = PBXBuildFile; fileRef = 5E7686551FCD3E4900E87DA5 /* SocketParsable.swift */; };
		5E7686781FCD3E4900E87DA5 /* SocketPacket.swift in Sources */ = {isa = PBXBuildFile; fileRef = 5E7686561FCD3E4900E87DA5 /* SocketPacket.swift */; };
		5E7686791FCD3E4900E87DA5 /* SocketPacket.swift in Sources */ = {isa = PBXBuildFile; fileRef = 5E7686561FCD3E4900E87DA5 /* SocketPacket.swift */; };
		5E76867A1FCD3E4900E87DA5 /* SocketManagerSpec.swift in Sources */ = {isa = PBXBuildFile; fileRef = 5E7686581FCD3E4900E87DA5 /* SocketManagerSpec.swift */; };
		5E76867B1FCD3E4900E87DA5 /* SocketManagerSpec.swift in Sources */ = {isa = PBXBuildFile; fileRef = 5E7686581FCD3E4900E87DA5 /* SocketManagerSpec.swift */; };
		5E76867C1FCD3E4900E87DA5 /* SocketManager.swift in Sources */ = {isa = PBXBuildFile; fileRef = 5E7686591FCD3E4900E87DA5 /* SocketManager.swift */; };
		5E76867D1FCD3E4900E87DA5 /* SocketManager.swift in Sources */ = {isa = PBXBuildFile; fileRef = 5E7686591FCD3E4900E87DA5 /* SocketManager.swift */; };
		5E76867E1FCD3E4900E87DA5 /* SocketEngineClient.swift in Sources */ = {isa = PBXBuildFile; fileRef = 5E76865B1FCD3E4900E87DA5 /* SocketEngineClient.swift */; };
		5E76867F1FCD3E4900E87DA5 /* SocketEngineClient.swift in Sources */ = {isa = PBXBuildFile; fileRef = 5E76865B1FCD3E4900E87DA5 /* SocketEngineClient.swift */; };
		5E7686801FCD3E4900E87DA5 /* SocketEngineWebsocket.swift in Sources */ = {isa = PBXBuildFile; fileRef = 5E76865C1FCD3E4900E87DA5 /* SocketEngineWebsocket.swift */; };
		5E7686811FCD3E4900E87DA5 /* SocketEngineWebsocket.swift in Sources */ = {isa = PBXBuildFile; fileRef = 5E76865C1FCD3E4900E87DA5 /* SocketEngineWebsocket.swift */; };
		5E7686821FCD3E4900E87DA5 /* SocketEnginePollable.swift in Sources */ = {isa = PBXBuildFile; fileRef = 5E76865D1FCD3E4900E87DA5 /* SocketEnginePollable.swift */; };
		5E7686831FCD3E4900E87DA5 /* SocketEnginePollable.swift in Sources */ = {isa = PBXBuildFile; fileRef = 5E76865D1FCD3E4900E87DA5 /* SocketEnginePollable.swift */; };
		5E7686841FCD3E4900E87DA5 /* SocketEngineSpec.swift in Sources */ = {isa = PBXBuildFile; fileRef = 5E76865E1FCD3E4900E87DA5 /* SocketEngineSpec.swift */; };
		5E7686851FCD3E4900E87DA5 /* SocketEngineSpec.swift in Sources */ = {isa = PBXBuildFile; fileRef = 5E76865E1FCD3E4900E87DA5 /* SocketEngineSpec.swift */; };
		5E7686861FCD3E4900E87DA5 /* SocketEnginePacketType.swift in Sources */ = {isa = PBXBuildFile; fileRef = 5E76865F1FCD3E4900E87DA5 /* SocketEnginePacketType.swift */; };
		5E7686871FCD3E4900E87DA5 /* SocketEnginePacketType.swift in Sources */ = {isa = PBXBuildFile; fileRef = 5E76865F1FCD3E4900E87DA5 /* SocketEnginePacketType.swift */; };
		5E7686881FCD3E4900E87DA5 /* SocketEngine.swift in Sources */ = {isa = PBXBuildFile; fileRef = 5E7686601FCD3E4900E87DA5 /* SocketEngine.swift */; };
		5E7686891FCD3E4900E87DA5 /* SocketEngine.swift in Sources */ = {isa = PBXBuildFile; fileRef = 5E7686601FCD3E4900E87DA5 /* SocketEngine.swift */; };
		5E76868A1FCD3E4900E87DA5 /* SocketIOClientConfiguration.swift in Sources */ = {isa = PBXBuildFile; fileRef = 5E7686621FCD3E4900E87DA5 /* SocketIOClientConfiguration.swift */; };
		5E76868B1FCD3E4900E87DA5 /* SocketIOClientConfiguration.swift in Sources */ = {isa = PBXBuildFile; fileRef = 5E7686621FCD3E4900E87DA5 /* SocketIOClientConfiguration.swift */; };
		5E76868C1FCD3E4900E87DA5 /* SocketAnyEvent.swift in Sources */ = {isa = PBXBuildFile; fileRef = 5E7686631FCD3E4900E87DA5 /* SocketAnyEvent.swift */; };
		5E76868D1FCD3E4900E87DA5 /* SocketAnyEvent.swift in Sources */ = {isa = PBXBuildFile; fileRef = 5E7686631FCD3E4900E87DA5 /* SocketAnyEvent.swift */; };
		5E76868E1FCD3E4900E87DA5 /* SocketIOClient.swift in Sources */ = {isa = PBXBuildFile; fileRef = 5E7686641FCD3E4900E87DA5 /* SocketIOClient.swift */; };
		5E76868F1FCD3E4900E87DA5 /* SocketIOClient.swift in Sources */ = {isa = PBXBuildFile; fileRef = 5E7686641FCD3E4900E87DA5 /* SocketIOClient.swift */; };
		5E7686901FCD3E4900E87DA5 /* SocketIOClientOption.swift in Sources */ = {isa = PBXBuildFile; fileRef = 5E7686651FCD3E4900E87DA5 /* SocketIOClientOption.swift */; };
		5E7686911FCD3E4900E87DA5 /* SocketIOClientOption.swift in Sources */ = {isa = PBXBuildFile; fileRef = 5E7686651FCD3E4900E87DA5 /* SocketIOClientOption.swift */; };
		5E7686921FCD3E4900E87DA5 /* SocketEventHandler.swift in Sources */ = {isa = PBXBuildFile; fileRef = 5E7686661FCD3E4900E87DA5 /* SocketEventHandler.swift */; };
		5E7686931FCD3E4900E87DA5 /* SocketEventHandler.swift in Sources */ = {isa = PBXBuildFile; fileRef = 5E7686661FCD3E4900E87DA5 /* SocketEventHandler.swift */; };
		5E7686941FCD3E4900E87DA5 /* SocketIOClientSpec.swift in Sources */ = {isa = PBXBuildFile; fileRef = 5E7686671FCD3E4900E87DA5 /* SocketIOClientSpec.swift */; };
		5E7686951FCD3E4900E87DA5 /* SocketIOClientSpec.swift in Sources */ = {isa = PBXBuildFile; fileRef = 5E7686671FCD3E4900E87DA5 /* SocketIOClientSpec.swift */; };
		5E7686961FCD3E4900E87DA5 /* SocketIOStatus.swift in Sources */ = {isa = PBXBuildFile; fileRef = 5E7686681FCD3E4900E87DA5 /* SocketIOStatus.swift */; };
		5E7686971FCD3E4900E87DA5 /* SocketIOStatus.swift in Sources */ = {isa = PBXBuildFile; fileRef = 5E7686681FCD3E4900E87DA5 /* SocketIOStatus.swift */; };
		5E7686981FCD3E4900E87DA5 /* SocketAckManager.swift in Sources */ = {isa = PBXBuildFile; fileRef = 5E76866A1FCD3E4900E87DA5 /* SocketAckManager.swift */; };
		5E7686991FCD3E4900E87DA5 /* SocketAckManager.swift in Sources */ = {isa = PBXBuildFile; fileRef = 5E76866A1FCD3E4900E87DA5 /* SocketAckManager.swift */; };
		5E76869A1FCD3E4900E87DA5 /* SocketAckEmitter.swift in Sources */ = {isa = PBXBuildFile; fileRef = 5E76866B1FCD3E4900E87DA5 /* SocketAckEmitter.swift */; };
		5E76869B1FCD3E4900E87DA5 /* SocketAckEmitter.swift in Sources */ = {isa = PBXBuildFile; fileRef = 5E76866B1FCD3E4900E87DA5 /* SocketAckEmitter.swift */; };
		5E4619B81FCCE68800F84E67 /* EventsViewController.swift in Sources */ = {isa = PBXBuildFile; fileRef = 5E4619B61FCCE68800F84E67 /* EventsViewController.swift */; };
		5E4619BB1FCD07C100F84E67 /* DispatchVehiclesViewController.swift in Sources */ = {isa = PBXBuildFile; fileRef = 5E4619BA1FCD07C100F84E67 /* DispatchVehiclesViewController.swift */; };
		5EA6034A1FCCACD90050BAB6 /* AppDelegate.swift in Sources */ = {isa = PBXBuildFile; fileRef = 5EA603491FCCACD90050BAB6 /* AppDelegate.swift */; };
		5EA6034C1FCCACD90050BAB6 /* ViewController.swift in Sources */ = {isa = PBXBuildFile; fileRef = 5EA6034B1FCCACD90050BAB6 /* ViewController.swift */; };
		5EA6034F1FCCACDA0050BAB6 /* Main.storyboard in Resources */ = {isa = PBXBuildFile; fileRef = 5EA6034D1FCCACDA0050BAB6 /* Main.storyboard */; };
		5EA603511FCCACDA0050BAB6 /* Assets.xcassets in Resources */ = {isa = PBXBuildFile; fileRef = 5EA603501FCCACDA0050BAB6 /* Assets.xcassets */; };
		5EA603541FCCACDA0050BAB6 /* LaunchScreen.storyboard in Resources */ = {isa = PBXBuildFile; fileRef = 5EA603521FCCACDA0050BAB6 /* LaunchScreen.storyboard */; };
		5EA6035F1FCCACDA0050BAB6 /* HondaResponderTests.swift in Sources */ = {isa = PBXBuildFile; fileRef = 5EA6035E1FCCACDA0050BAB6 /* HondaResponderTests.swift */; };
		77A763D3B1B5DDD2BD43D77F /* Pods_HondaResponder.framework in Frameworks */ = {isa = PBXBuildFile; fileRef = 954D98253680E085D5881269 /* Pods_HondaResponder.framework */; };
		7FECD65E231B23835C8C5D2F /* Pods_HondaHelpTests.framework in Frameworks */ = {isa = PBXBuildFile; fileRef = 9DC6E89E0A240988461BD0E1 /* Pods_HondaHelpTests.framework */; };
		93166E3F1FCCB918000D861C /* AppDelegate.swift in Sources */ = {isa = PBXBuildFile; fileRef = 93166E3E1FCCB918000D861C /* AppDelegate.swift */; };
		93166E411FCCB918000D861C /* ViewController.swift in Sources */ = {isa = PBXBuildFile; fileRef = 93166E401FCCB918000D861C /* ViewController.swift */; };
		93166E441FCCB918000D861C /* Main.storyboard in Resources */ = {isa = PBXBuildFile; fileRef = 93166E421FCCB918000D861C /* Main.storyboard */; };
		93166E461FCCB918000D861C /* Assets.xcassets in Resources */ = {isa = PBXBuildFile; fileRef = 93166E451FCCB918000D861C /* Assets.xcassets */; };
		93166E491FCCB918000D861C /* LaunchScreen.storyboard in Resources */ = {isa = PBXBuildFile; fileRef = 93166E471FCCB918000D861C /* LaunchScreen.storyboard */; };
		93166E541FCCB918000D861C /* HondaHelpTests.swift in Sources */ = {isa = PBXBuildFile; fileRef = 93166E531FCCB918000D861C /* HondaHelpTests.swift */; };
		93166E681FCD033D000D861C /* AppDelegate.swift in Sources */ = {isa = PBXBuildFile; fileRef = 93166E671FCD033D000D861C /* AppDelegate.swift */; };
		93166E6A1FCD033D000D861C /* ViewController.swift in Sources */ = {isa = PBXBuildFile; fileRef = 93166E691FCD033D000D861C /* ViewController.swift */; };
		93166E6D1FCD033D000D861C /* Main.storyboard in Resources */ = {isa = PBXBuildFile; fileRef = 93166E6B1FCD033D000D861C /* Main.storyboard */; };
		93166E6F1FCD033D000D861C /* Assets.xcassets in Resources */ = {isa = PBXBuildFile; fileRef = 93166E6E1FCD033D000D861C /* Assets.xcassets */; };
		93166E721FCD033D000D861C /* LaunchScreen.storyboard in Resources */ = {isa = PBXBuildFile; fileRef = 93166E701FCD033D000D861C /* LaunchScreen.storyboard */; };
		93166E771FCD482F000D861C /* SocketStringReader.swift in Sources */ = {isa = PBXBuildFile; fileRef = 5E76864F1FCD3E4900E87DA5 /* SocketStringReader.swift */; };
		93166E781FCD482F000D861C /* SocketLogger.swift in Sources */ = {isa = PBXBuildFile; fileRef = 5E7686501FCD3E4900E87DA5 /* SocketLogger.swift */; };
		93166E791FCD482F000D861C /* SocketExtensions.swift in Sources */ = {isa = PBXBuildFile; fileRef = 5E7686511FCD3E4900E87DA5 /* SocketExtensions.swift */; };
		93166E7A1FCD482F000D861C /* SSLSecurity.swift in Sources */ = {isa = PBXBuildFile; fileRef = 5E7686521FCD3E4900E87DA5 /* SSLSecurity.swift */; };
		93166E7B1FCD482F000D861C /* SocketTypes.swift in Sources */ = {isa = PBXBuildFile; fileRef = 5E7686531FCD3E4900E87DA5 /* SocketTypes.swift */; };
		93166E7C1FCD482F000D861C /* SocketParsable.swift in Sources */ = {isa = PBXBuildFile; fileRef = 5E7686551FCD3E4900E87DA5 /* SocketParsable.swift */; };
		93166E7D1FCD482F000D861C /* SocketPacket.swift in Sources */ = {isa = PBXBuildFile; fileRef = 5E7686561FCD3E4900E87DA5 /* SocketPacket.swift */; };
		93166E7E1FCD482F000D861C /* SocketManagerSpec.swift in Sources */ = {isa = PBXBuildFile; fileRef = 5E7686581FCD3E4900E87DA5 /* SocketManagerSpec.swift */; };
		93166E7F1FCD482F000D861C /* SocketManager.swift in Sources */ = {isa = PBXBuildFile; fileRef = 5E7686591FCD3E4900E87DA5 /* SocketManager.swift */; };
		93166E801FCD482F000D861C /* SocketEngineClient.swift in Sources */ = {isa = PBXBuildFile; fileRef = 5E76865B1FCD3E4900E87DA5 /* SocketEngineClient.swift */; };
		93166E811FCD482F000D861C /* SocketEngineWebsocket.swift in Sources */ = {isa = PBXBuildFile; fileRef = 5E76865C1FCD3E4900E87DA5 /* SocketEngineWebsocket.swift */; };
		93166E821FCD482F000D861C /* SocketEnginePollable.swift in Sources */ = {isa = PBXBuildFile; fileRef = 5E76865D1FCD3E4900E87DA5 /* SocketEnginePollable.swift */; };
		93166E831FCD482F000D861C /* SocketEngineSpec.swift in Sources */ = {isa = PBXBuildFile; fileRef = 5E76865E1FCD3E4900E87DA5 /* SocketEngineSpec.swift */; };
		93166E841FCD482F000D861C /* SocketEnginePacketType.swift in Sources */ = {isa = PBXBuildFile; fileRef = 5E76865F1FCD3E4900E87DA5 /* SocketEnginePacketType.swift */; };
		93166E851FCD482F000D861C /* SocketEngine.swift in Sources */ = {isa = PBXBuildFile; fileRef = 5E7686601FCD3E4900E87DA5 /* SocketEngine.swift */; };
		93166E861FCD482F000D861C /* SocketIOClientConfiguration.swift in Sources */ = {isa = PBXBuildFile; fileRef = 5E7686621FCD3E4900E87DA5 /* SocketIOClientConfiguration.swift */; };
		93166E871FCD482F000D861C /* SocketAnyEvent.swift in Sources */ = {isa = PBXBuildFile; fileRef = 5E7686631FCD3E4900E87DA5 /* SocketAnyEvent.swift */; };
		93166E881FCD482F000D861C /* SocketIOClient.swift in Sources */ = {isa = PBXBuildFile; fileRef = 5E7686641FCD3E4900E87DA5 /* SocketIOClient.swift */; };
		93166E891FCD482F000D861C /* SocketIOClientOption.swift in Sources */ = {isa = PBXBuildFile; fileRef = 5E7686651FCD3E4900E87DA5 /* SocketIOClientOption.swift */; };
		93166E8A1FCD482F000D861C /* SocketEventHandler.swift in Sources */ = {isa = PBXBuildFile; fileRef = 5E7686661FCD3E4900E87DA5 /* SocketEventHandler.swift */; };
		93166E8B1FCD482F000D861C /* SocketIOClientSpec.swift in Sources */ = {isa = PBXBuildFile; fileRef = 5E7686671FCD3E4900E87DA5 /* SocketIOClientSpec.swift */; };
		93166E8C1FCD482F000D861C /* SocketIOStatus.swift in Sources */ = {isa = PBXBuildFile; fileRef = 5E7686681FCD3E4900E87DA5 /* SocketIOStatus.swift */; };
		93166E8D1FCD482F000D861C /* SocketAckManager.swift in Sources */ = {isa = PBXBuildFile; fileRef = 5E76866A1FCD3E4900E87DA5 /* SocketAckManager.swift */; };
		93166E8E1FCD482F000D861C /* SocketAckEmitter.swift in Sources */ = {isa = PBXBuildFile; fileRef = 5E76866B1FCD3E4900E87DA5 /* SocketAckEmitter.swift */; };
		936C76FD1FCDDCC7009487A4 /* Incident.swift in Sources */ = {isa = PBXBuildFile; fileRef = 936C76FC1FCDDCC7009487A4 /* Incident.swift */; };
		936C76FF1FCDDD0B009487A4 /* AssistZone.swift in Sources */ = {isa = PBXBuildFile; fileRef = 936C76FE1FCDDD0B009487A4 /* AssistZone.swift */; };
		D45489B0928F22F9DACBB811 /* Pods_ResponseUnit.framework in Frameworks */ = {isa = PBXBuildFile; fileRef = 0B30CF16F2EB79FD6D81EBB0 /* Pods_ResponseUnit.framework */; };
/* End PBXBuildFile section */

/* Begin PBXContainerItemProxy section */
		5EA6035B1FCCACDA0050BAB6 /* PBXContainerItemProxy */ = {
			isa = PBXContainerItemProxy;
			containerPortal = 5EA6033E1FCCACD90050BAB6 /* Project object */;
			proxyType = 1;
			remoteGlobalIDString = 5EA603451FCCACD90050BAB6;
			remoteInfo = HondaResponder;
		};
		93166E501FCCB918000D861C /* PBXContainerItemProxy */ = {
			isa = PBXContainerItemProxy;
			containerPortal = 5EA6033E1FCCACD90050BAB6 /* Project object */;
			proxyType = 1;
			remoteGlobalIDString = 93166E3B1FCCB918000D861C;
			remoteInfo = HondaHelp;
		};
/* End PBXContainerItemProxy section */

/* Begin PBXFileReference section */
		0B30CF16F2EB79FD6D81EBB0 /* Pods_ResponseUnit.framework */ = {isa = PBXFileReference; explicitFileType = wrapper.framework; includeInIndex = 0; path = Pods_ResponseUnit.framework; sourceTree = BUILT_PRODUCTS_DIR; };
		1E9486C40D14C976FEB25809 /* Pods-ResponseUnit.debug.xcconfig */ = {isa = PBXFileReference; includeInIndex = 1; lastKnownFileType = text.xcconfig; name = "Pods-ResponseUnit.debug.xcconfig"; path = "Pods/Target Support Files/Pods-ResponseUnit/Pods-ResponseUnit.debug.xcconfig"; sourceTree = "<group>"; };
		3B6ED8F4F587A8F886A92AAE /* Pods-HondaHelp.release.xcconfig */ = {isa = PBXFileReference; includeInIndex = 1; lastKnownFileType = text.xcconfig; name = "Pods-HondaHelp.release.xcconfig"; path = "Pods/Target Support Files/Pods-HondaHelp/Pods-HondaHelp.release.xcconfig"; sourceTree = "<group>"; };
		452FA5066B8A978FB4CCFCB6 /* Pods-ResponseUnit.release.xcconfig */ = {isa = PBXFileReference; includeInIndex = 1; lastKnownFileType = text.xcconfig; name = "Pods-ResponseUnit.release.xcconfig"; path = "Pods/Target Support Files/Pods-ResponseUnit/Pods-ResponseUnit.release.xcconfig"; sourceTree = "<group>"; };
		5E76864F1FCD3E4900E87DA5 /* SocketStringReader.swift */ = {isa = PBXFileReference; fileEncoding = 4; lastKnownFileType = sourcecode.swift; path = SocketStringReader.swift; sourceTree = "<group>"; };
		5E7686501FCD3E4900E87DA5 /* SocketLogger.swift */ = {isa = PBXFileReference; fileEncoding = 4; lastKnownFileType = sourcecode.swift; path = SocketLogger.swift; sourceTree = "<group>"; };
		5E7686511FCD3E4900E87DA5 /* SocketExtensions.swift */ = {isa = PBXFileReference; fileEncoding = 4; lastKnownFileType = sourcecode.swift; path = SocketExtensions.swift; sourceTree = "<group>"; };
		5E7686521FCD3E4900E87DA5 /* SSLSecurity.swift */ = {isa = PBXFileReference; fileEncoding = 4; lastKnownFileType = sourcecode.swift; path = SSLSecurity.swift; sourceTree = "<group>"; };
		5E7686531FCD3E4900E87DA5 /* SocketTypes.swift */ = {isa = PBXFileReference; fileEncoding = 4; lastKnownFileType = sourcecode.swift; path = SocketTypes.swift; sourceTree = "<group>"; };
		5E7686551FCD3E4900E87DA5 /* SocketParsable.swift */ = {isa = PBXFileReference; fileEncoding = 4; lastKnownFileType = sourcecode.swift; path = SocketParsable.swift; sourceTree = "<group>"; };
		5E7686561FCD3E4900E87DA5 /* SocketPacket.swift */ = {isa = PBXFileReference; fileEncoding = 4; lastKnownFileType = sourcecode.swift; path = SocketPacket.swift; sourceTree = "<group>"; };
		5E7686581FCD3E4900E87DA5 /* SocketManagerSpec.swift */ = {isa = PBXFileReference; fileEncoding = 4; lastKnownFileType = sourcecode.swift; path = SocketManagerSpec.swift; sourceTree = "<group>"; };
		5E7686591FCD3E4900E87DA5 /* SocketManager.swift */ = {isa = PBXFileReference; fileEncoding = 4; lastKnownFileType = sourcecode.swift; path = SocketManager.swift; sourceTree = "<group>"; };
		5E76865B1FCD3E4900E87DA5 /* SocketEngineClient.swift */ = {isa = PBXFileReference; fileEncoding = 4; lastKnownFileType = sourcecode.swift; path = SocketEngineClient.swift; sourceTree = "<group>"; };
		5E76865C1FCD3E4900E87DA5 /* SocketEngineWebsocket.swift */ = {isa = PBXFileReference; fileEncoding = 4; lastKnownFileType = sourcecode.swift; path = SocketEngineWebsocket.swift; sourceTree = "<group>"; };
		5E76865D1FCD3E4900E87DA5 /* SocketEnginePollable.swift */ = {isa = PBXFileReference; fileEncoding = 4; lastKnownFileType = sourcecode.swift; path = SocketEnginePollable.swift; sourceTree = "<group>"; };
		5E76865E1FCD3E4900E87DA5 /* SocketEngineSpec.swift */ = {isa = PBXFileReference; fileEncoding = 4; lastKnownFileType = sourcecode.swift; path = SocketEngineSpec.swift; sourceTree = "<group>"; };
		5E76865F1FCD3E4900E87DA5 /* SocketEnginePacketType.swift */ = {isa = PBXFileReference; fileEncoding = 4; lastKnownFileType = sourcecode.swift; path = SocketEnginePacketType.swift; sourceTree = "<group>"; };
		5E7686601FCD3E4900E87DA5 /* SocketEngine.swift */ = {isa = PBXFileReference; fileEncoding = 4; lastKnownFileType = sourcecode.swift; path = SocketEngine.swift; sourceTree = "<group>"; };
		5E7686621FCD3E4900E87DA5 /* SocketIOClientConfiguration.swift */ = {isa = PBXFileReference; fileEncoding = 4; lastKnownFileType = sourcecode.swift; path = SocketIOClientConfiguration.swift; sourceTree = "<group>"; };
		5E7686631FCD3E4900E87DA5 /* SocketAnyEvent.swift */ = {isa = PBXFileReference; fileEncoding = 4; lastKnownFileType = sourcecode.swift; path = SocketAnyEvent.swift; sourceTree = "<group>"; };
		5E7686641FCD3E4900E87DA5 /* SocketIOClient.swift */ = {isa = PBXFileReference; fileEncoding = 4; lastKnownFileType = sourcecode.swift; path = SocketIOClient.swift; sourceTree = "<group>"; };
		5E7686651FCD3E4900E87DA5 /* SocketIOClientOption.swift */ = {isa = PBXFileReference; fileEncoding = 4; lastKnownFileType = sourcecode.swift; path = SocketIOClientOption.swift; sourceTree = "<group>"; };
		5E7686661FCD3E4900E87DA5 /* SocketEventHandler.swift */ = {isa = PBXFileReference; fileEncoding = 4; lastKnownFileType = sourcecode.swift; path = SocketEventHandler.swift; sourceTree = "<group>"; };
		5E7686671FCD3E4900E87DA5 /* SocketIOClientSpec.swift */ = {isa = PBXFileReference; fileEncoding = 4; lastKnownFileType = sourcecode.swift; path = SocketIOClientSpec.swift; sourceTree = "<group>"; };
		5E7686681FCD3E4900E87DA5 /* SocketIOStatus.swift */ = {isa = PBXFileReference; fileEncoding = 4; lastKnownFileType = sourcecode.swift; path = SocketIOStatus.swift; sourceTree = "<group>"; };
		5E76866A1FCD3E4900E87DA5 /* SocketAckManager.swift */ = {isa = PBXFileReference; fileEncoding = 4; lastKnownFileType = sourcecode.swift; path = SocketAckManager.swift; sourceTree = "<group>"; };
		5E76866B1FCD3E4900E87DA5 /* SocketAckEmitter.swift */ = {isa = PBXFileReference; fileEncoding = 4; lastKnownFileType = sourcecode.swift; path = SocketAckEmitter.swift; sourceTree = "<group>"; };
		5E4619B61FCCE68800F84E67 /* EventsViewController.swift */ = {isa = PBXFileReference; lastKnownFileType = sourcecode.swift; path = EventsViewController.swift; sourceTree = "<group>"; };
		5E4619BA1FCD07C100F84E67 /* DispatchVehiclesViewController.swift */ = {isa = PBXFileReference; lastKnownFileType = sourcecode.swift; path = DispatchVehiclesViewController.swift; sourceTree = "<group>"; };
		5EA603461FCCACD90050BAB6 /* HondaResponder.app */ = {isa = PBXFileReference; explicitFileType = wrapper.application; includeInIndex = 0; path = HondaResponder.app; sourceTree = BUILT_PRODUCTS_DIR; };
		5EA603491FCCACD90050BAB6 /* AppDelegate.swift */ = {isa = PBXFileReference; lastKnownFileType = sourcecode.swift; path = AppDelegate.swift; sourceTree = "<group>"; };
		5EA6034B1FCCACD90050BAB6 /* ViewController.swift */ = {isa = PBXFileReference; lastKnownFileType = sourcecode.swift; path = ViewController.swift; sourceTree = "<group>"; };
		5EA6034E1FCCACDA0050BAB6 /* Base */ = {isa = PBXFileReference; lastKnownFileType = file.storyboard; name = Base; path = Base.lproj/Main.storyboard; sourceTree = "<group>"; };
		5EA603501FCCACDA0050BAB6 /* Assets.xcassets */ = {isa = PBXFileReference; lastKnownFileType = folder.assetcatalog; path = Assets.xcassets; sourceTree = "<group>"; };
		5EA603531FCCACDA0050BAB6 /* Base */ = {isa = PBXFileReference; lastKnownFileType = file.storyboard; name = Base; path = Base.lproj/LaunchScreen.storyboard; sourceTree = "<group>"; };
		5EA603551FCCACDA0050BAB6 /* Info.plist */ = {isa = PBXFileReference; lastKnownFileType = text.plist.xml; path = Info.plist; sourceTree = "<group>"; };
		5EA6035A1FCCACDA0050BAB6 /* HondaResponderTests.xctest */ = {isa = PBXFileReference; explicitFileType = wrapper.cfbundle; includeInIndex = 0; path = HondaResponderTests.xctest; sourceTree = BUILT_PRODUCTS_DIR; };
		5EA6035E1FCCACDA0050BAB6 /* HondaResponderTests.swift */ = {isa = PBXFileReference; lastKnownFileType = sourcecode.swift; path = HondaResponderTests.swift; sourceTree = "<group>"; };
		5EA603601FCCACDA0050BAB6 /* Info.plist */ = {isa = PBXFileReference; lastKnownFileType = text.plist.xml; path = Info.plist; sourceTree = "<group>"; };
		68E6234D0AAF6A2C27EA6B8D /* Pods_HondaResponderTests.framework */ = {isa = PBXFileReference; explicitFileType = wrapper.framework; includeInIndex = 0; path = Pods_HondaResponderTests.framework; sourceTree = BUILT_PRODUCTS_DIR; };
		709ADD9172CB03D641844394 /* Pods-HondaHelpTests.release.xcconfig */ = {isa = PBXFileReference; includeInIndex = 1; lastKnownFileType = text.xcconfig; name = "Pods-HondaHelpTests.release.xcconfig"; path = "Pods/Target Support Files/Pods-HondaHelpTests/Pods-HondaHelpTests.release.xcconfig"; sourceTree = "<group>"; };
		7CBFEADE1BB4CD1F58CA51B5 /* Pods-HondaResponderTests.release.xcconfig */ = {isa = PBXFileReference; includeInIndex = 1; lastKnownFileType = text.xcconfig; name = "Pods-HondaResponderTests.release.xcconfig"; path = "Pods/Target Support Files/Pods-HondaResponderTests/Pods-HondaResponderTests.release.xcconfig"; sourceTree = "<group>"; };
		88D49DEC8BBA7840423B57C0 /* Pods-HondaResponder.release.xcconfig */ = {isa = PBXFileReference; includeInIndex = 1; lastKnownFileType = text.xcconfig; name = "Pods-HondaResponder.release.xcconfig"; path = "Pods/Target Support Files/Pods-HondaResponder/Pods-HondaResponder.release.xcconfig"; sourceTree = "<group>"; };
		93166E3C1FCCB918000D861C /* HondaHelp.app */ = {isa = PBXFileReference; explicitFileType = wrapper.application; includeInIndex = 0; path = HondaHelp.app; sourceTree = BUILT_PRODUCTS_DIR; };
		93166E3E1FCCB918000D861C /* AppDelegate.swift */ = {isa = PBXFileReference; lastKnownFileType = sourcecode.swift; path = AppDelegate.swift; sourceTree = "<group>"; };
		93166E401FCCB918000D861C /* ViewController.swift */ = {isa = PBXFileReference; lastKnownFileType = sourcecode.swift; path = ViewController.swift; sourceTree = "<group>"; };
		93166E431FCCB918000D861C /* Base */ = {isa = PBXFileReference; lastKnownFileType = file.storyboard; name = Base; path = Base.lproj/Main.storyboard; sourceTree = "<group>"; };
		93166E451FCCB918000D861C /* Assets.xcassets */ = {isa = PBXFileReference; lastKnownFileType = folder.assetcatalog; path = Assets.xcassets; sourceTree = "<group>"; };
		93166E481FCCB918000D861C /* Base */ = {isa = PBXFileReference; lastKnownFileType = file.storyboard; name = Base; path = Base.lproj/LaunchScreen.storyboard; sourceTree = "<group>"; };
		93166E4A1FCCB918000D861C /* Info.plist */ = {isa = PBXFileReference; lastKnownFileType = text.plist.xml; path = Info.plist; sourceTree = "<group>"; };
		93166E4F1FCCB918000D861C /* HondaHelpTests.xctest */ = {isa = PBXFileReference; explicitFileType = wrapper.cfbundle; includeInIndex = 0; path = HondaHelpTests.xctest; sourceTree = BUILT_PRODUCTS_DIR; };
		93166E531FCCB918000D861C /* HondaHelpTests.swift */ = {isa = PBXFileReference; lastKnownFileType = sourcecode.swift; path = HondaHelpTests.swift; sourceTree = "<group>"; };
		93166E551FCCB918000D861C /* Info.plist */ = {isa = PBXFileReference; lastKnownFileType = text.plist.xml; path = Info.plist; sourceTree = "<group>"; };
		93166E651FCD033D000D861C /* ResponseUnit.app */ = {isa = PBXFileReference; explicitFileType = wrapper.application; includeInIndex = 0; path = ResponseUnit.app; sourceTree = BUILT_PRODUCTS_DIR; };
		93166E671FCD033D000D861C /* AppDelegate.swift */ = {isa = PBXFileReference; lastKnownFileType = sourcecode.swift; path = AppDelegate.swift; sourceTree = "<group>"; };
		93166E691FCD033D000D861C /* ViewController.swift */ = {isa = PBXFileReference; lastKnownFileType = sourcecode.swift; path = ViewController.swift; sourceTree = "<group>"; };
		93166E6C1FCD033D000D861C /* Base */ = {isa = PBXFileReference; lastKnownFileType = file.storyboard; name = Base; path = Base.lproj/Main.storyboard; sourceTree = "<group>"; };
		93166E6E1FCD033D000D861C /* Assets.xcassets */ = {isa = PBXFileReference; lastKnownFileType = folder.assetcatalog; path = Assets.xcassets; sourceTree = "<group>"; };
		93166E711FCD033D000D861C /* Base */ = {isa = PBXFileReference; lastKnownFileType = file.storyboard; name = Base; path = Base.lproj/LaunchScreen.storyboard; sourceTree = "<group>"; };
		93166E731FCD033D000D861C /* Info.plist */ = {isa = PBXFileReference; lastKnownFileType = text.plist.xml; path = Info.plist; sourceTree = "<group>"; };
		936C76FC1FCDDCC7009487A4 /* Incident.swift */ = {isa = PBXFileReference; lastKnownFileType = sourcecode.swift; path = Incident.swift; sourceTree = "<group>"; };
		936C76FE1FCDDD0B009487A4 /* AssistZone.swift */ = {isa = PBXFileReference; lastKnownFileType = sourcecode.swift; path = AssistZone.swift; sourceTree = "<group>"; };
		954D98253680E085D5881269 /* Pods_HondaResponder.framework */ = {isa = PBXFileReference; explicitFileType = wrapper.framework; includeInIndex = 0; path = Pods_HondaResponder.framework; sourceTree = BUILT_PRODUCTS_DIR; };
		98307F38C3568E356517BA8D /* Pods-HondaResponder.debug.xcconfig */ = {isa = PBXFileReference; includeInIndex = 1; lastKnownFileType = text.xcconfig; name = "Pods-HondaResponder.debug.xcconfig"; path = "Pods/Target Support Files/Pods-HondaResponder/Pods-HondaResponder.debug.xcconfig"; sourceTree = "<group>"; };
		9DC6E89E0A240988461BD0E1 /* Pods_HondaHelpTests.framework */ = {isa = PBXFileReference; explicitFileType = wrapper.framework; includeInIndex = 0; path = Pods_HondaHelpTests.framework; sourceTree = BUILT_PRODUCTS_DIR; };
		AB372D6FD8C036D7880F27B2 /* Pods-HondaHelp.debug.xcconfig */ = {isa = PBXFileReference; includeInIndex = 1; lastKnownFileType = text.xcconfig; name = "Pods-HondaHelp.debug.xcconfig"; path = "Pods/Target Support Files/Pods-HondaHelp/Pods-HondaHelp.debug.xcconfig"; sourceTree = "<group>"; };
		B5C2B2AB52E74CA9B9CB7A47 /* Pods-HondaHelpTests.debug.xcconfig */ = {isa = PBXFileReference; includeInIndex = 1; lastKnownFileType = text.xcconfig; name = "Pods-HondaHelpTests.debug.xcconfig"; path = "Pods/Target Support Files/Pods-HondaHelpTests/Pods-HondaHelpTests.debug.xcconfig"; sourceTree = "<group>"; };
		C70FF8A0B3D52A7C660C31C2 /* Pods-HondaResponderTests.debug.xcconfig */ = {isa = PBXFileReference; includeInIndex = 1; lastKnownFileType = text.xcconfig; name = "Pods-HondaResponderTests.debug.xcconfig"; path = "Pods/Target Support Files/Pods-HondaResponderTests/Pods-HondaResponderTests.debug.xcconfig"; sourceTree = "<group>"; };
		F0216319E05CC3CC312C9D20 /* Pods_HondaHelp.framework */ = {isa = PBXFileReference; explicitFileType = wrapper.framework; includeInIndex = 0; path = Pods_HondaHelp.framework; sourceTree = BUILT_PRODUCTS_DIR; };
/* End PBXFileReference section */

/* Begin PBXFrameworksBuildPhase section */
		5EA603431FCCACD90050BAB6 /* Frameworks */ = {
			isa = PBXFrameworksBuildPhase;
			buildActionMask = 2147483647;
			files = (
				77A763D3B1B5DDD2BD43D77F /* Pods_HondaResponder.framework in Frameworks */,
			);
			runOnlyForDeploymentPostprocessing = 0;
		};
		5EA603571FCCACDA0050BAB6 /* Frameworks */ = {
			isa = PBXFrameworksBuildPhase;
			buildActionMask = 2147483647;
			files = (
				4D9EF45C083B767495862331 /* Pods_HondaResponderTests.framework in Frameworks */,
			);
			runOnlyForDeploymentPostprocessing = 0;
		};
		93166E391FCCB918000D861C /* Frameworks */ = {
			isa = PBXFrameworksBuildPhase;
			buildActionMask = 2147483647;
			files = (
				10876D81F281361C7D783D3B /* Pods_HondaHelp.framework in Frameworks */,
			);
			runOnlyForDeploymentPostprocessing = 0;
		};
		93166E4C1FCCB918000D861C /* Frameworks */ = {
			isa = PBXFrameworksBuildPhase;
			buildActionMask = 2147483647;
			files = (
				7FECD65E231B23835C8C5D2F /* Pods_HondaHelpTests.framework in Frameworks */,
			);
			runOnlyForDeploymentPostprocessing = 0;
		};
		93166E621FCD033D000D861C /* Frameworks */ = {
			isa = PBXFrameworksBuildPhase;
			buildActionMask = 2147483647;
			files = (
				D45489B0928F22F9DACBB811 /* Pods_ResponseUnit.framework in Frameworks */,
			);
			runOnlyForDeploymentPostprocessing = 0;
		};
/* End PBXFrameworksBuildPhase section */

/* Begin PBXGroup section */
		04218932D413258646D20DBD /* Frameworks */ = {
			isa = PBXGroup;
			children = (
				5E76864D1FCD3E4900E87DA5 /* SocketIO */,
				F0216319E05CC3CC312C9D20 /* Pods_HondaHelp.framework */,
				9DC6E89E0A240988461BD0E1 /* Pods_HondaHelpTests.framework */,
				954D98253680E085D5881269 /* Pods_HondaResponder.framework */,
				68E6234D0AAF6A2C27EA6B8D /* Pods_HondaResponderTests.framework */,
				0B30CF16F2EB79FD6D81EBB0 /* Pods_ResponseUnit.framework */,
			);
			name = Frameworks;
			sourceTree = "<group>";
		};
		316DF8A6F7DA51A15C6B3C93 /* Pods */ = {
			isa = PBXGroup;
			children = (
				AB372D6FD8C036D7880F27B2 /* Pods-HondaHelp.debug.xcconfig */,
				3B6ED8F4F587A8F886A92AAE /* Pods-HondaHelp.release.xcconfig */,
				B5C2B2AB52E74CA9B9CB7A47 /* Pods-HondaHelpTests.debug.xcconfig */,
				709ADD9172CB03D641844394 /* Pods-HondaHelpTests.release.xcconfig */,
				98307F38C3568E356517BA8D /* Pods-HondaResponder.debug.xcconfig */,
				88D49DEC8BBA7840423B57C0 /* Pods-HondaResponder.release.xcconfig */,
				C70FF8A0B3D52A7C660C31C2 /* Pods-HondaResponderTests.debug.xcconfig */,
				7CBFEADE1BB4CD1F58CA51B5 /* Pods-HondaResponderTests.release.xcconfig */,
				1E9486C40D14C976FEB25809 /* Pods-ResponseUnit.debug.xcconfig */,
				452FA5066B8A978FB4CCFCB6 /* Pods-ResponseUnit.release.xcconfig */,
			);
			name = Pods;
			sourceTree = "<group>";
		};
		5E76864D1FCD3E4900E87DA5 /* SocketIO */ = {
			isa = PBXGroup;
			children = (
				5E76864E1FCD3E4900E87DA5 /* Util */,
				5E7686541FCD3E4900E87DA5 /* Parse */,
				5E7686571FCD3E4900E87DA5 /* Manager */,
				5E76865A1FCD3E4900E87DA5 /* Engine */,
				5E7686611FCD3E4900E87DA5 /* Client */,
				5E7686691FCD3E4900E87DA5 /* Ack */,
			);
			path = SocketIO;
			sourceTree = "<group>";
		};
		5E76864E1FCD3E4900E87DA5 /* Util */ = {
			isa = PBXGroup;
			children = (
				5E76864F1FCD3E4900E87DA5 /* SocketStringReader.swift */,
				5E7686501FCD3E4900E87DA5 /* SocketLogger.swift */,
				5E7686511FCD3E4900E87DA5 /* SocketExtensions.swift */,
				5E7686521FCD3E4900E87DA5 /* SSLSecurity.swift */,
				5E7686531FCD3E4900E87DA5 /* SocketTypes.swift */,
			);
			path = Util;
			sourceTree = "<group>";
		};
		5E7686541FCD3E4900E87DA5 /* Parse */ = {
			isa = PBXGroup;
			children = (
				5E7686551FCD3E4900E87DA5 /* SocketParsable.swift */,
				5E7686561FCD3E4900E87DA5 /* SocketPacket.swift */,
			);
			path = Parse;
			sourceTree = "<group>";
		};
		5E7686571FCD3E4900E87DA5 /* Manager */ = {
			isa = PBXGroup;
			children = (
				5E7686581FCD3E4900E87DA5 /* SocketManagerSpec.swift */,
				5E7686591FCD3E4900E87DA5 /* SocketManager.swift */,
			);
			path = Manager;
			sourceTree = "<group>";
		};
		5E76865A1FCD3E4900E87DA5 /* Engine */ = {
			isa = PBXGroup;
			children = (
				5E76865B1FCD3E4900E87DA5 /* SocketEngineClient.swift */,
				5E76865C1FCD3E4900E87DA5 /* SocketEngineWebsocket.swift */,
				5E76865D1FCD3E4900E87DA5 /* SocketEnginePollable.swift */,
				5E76865E1FCD3E4900E87DA5 /* SocketEngineSpec.swift */,
				5E76865F1FCD3E4900E87DA5 /* SocketEnginePacketType.swift */,
				5E7686601FCD3E4900E87DA5 /* SocketEngine.swift */,
			);
			path = Engine;
			sourceTree = "<group>";
		};
		5E7686611FCD3E4900E87DA5 /* Client */ = {
			isa = PBXGroup;
			children = (
				5E7686621FCD3E4900E87DA5 /* SocketIOClientConfiguration.swift */,
				5E7686631FCD3E4900E87DA5 /* SocketAnyEvent.swift */,
				5E7686641FCD3E4900E87DA5 /* SocketIOClient.swift */,
				5E7686651FCD3E4900E87DA5 /* SocketIOClientOption.swift */,
				5E7686661FCD3E4900E87DA5 /* SocketEventHandler.swift */,
				5E7686671FCD3E4900E87DA5 /* SocketIOClientSpec.swift */,
				5E7686681FCD3E4900E87DA5 /* SocketIOStatus.swift */,
			);
			path = Client;
			sourceTree = "<group>";
		};
		5E7686691FCD3E4900E87DA5 /* Ack */ = {
			isa = PBXGroup;
			children = (
				5E76866A1FCD3E4900E87DA5 /* SocketAckManager.swift */,
				5E76866B1FCD3E4900E87DA5 /* SocketAckEmitter.swift */,
			);
			path = Ack;
			sourceTree = "<group>";
		};
		5EA6033D1FCCACD90050BAB6 = {
			isa = PBXGroup;
			children = (
				5EA603481FCCACD90050BAB6 /* HondaResponder */,
				5EA6035D1FCCACDA0050BAB6 /* HondaResponderTests */,
				93166E3D1FCCB918000D861C /* HondaHelp */,
				93166E521FCCB918000D861C /* HondaHelpTests */,
				93166E661FCD033D000D861C /* ResponseUnit */,
				5EA603471FCCACD90050BAB6 /* Products */,
				316DF8A6F7DA51A15C6B3C93 /* Pods */,
				04218932D413258646D20DBD /* Frameworks */,
			);
			sourceTree = "<group>";
		};
		5EA603471FCCACD90050BAB6 /* Products */ = {
			isa = PBXGroup;
			children = (
				5EA603461FCCACD90050BAB6 /* HondaResponder.app */,
				5EA6035A1FCCACDA0050BAB6 /* HondaResponderTests.xctest */,
				93166E3C1FCCB918000D861C /* HondaHelp.app */,
				93166E4F1FCCB918000D861C /* HondaHelpTests.xctest */,
				93166E651FCD033D000D861C /* ResponseUnit.app */,
			);
			name = Products;
			sourceTree = "<group>";
		};
		5EA603481FCCACD90050BAB6 /* HondaResponder */ = {
			isa = PBXGroup;
			children = (
				5EA603551FCCACDA0050BAB6 /* Info.plist */,
				5EA603501FCCACDA0050BAB6 /* Assets.xcassets */,
				5EA603521FCCACDA0050BAB6 /* LaunchScreen.storyboard */,
				5EA6034D1FCCACDA0050BAB6 /* Main.storyboard */,
				5EA603491FCCACD90050BAB6 /* AppDelegate.swift */,
				5EA6034B1FCCACD90050BAB6 /* ViewController.swift */,
				5E4619B61FCCE68800F84E67 /* EventsViewController.swift */,
				5E4619BA1FCD07C100F84E67 /* DispatchVehiclesViewController.swift */,
			);
			path = HondaResponder;
			sourceTree = "<group>";
		};
		5EA6035D1FCCACDA0050BAB6 /* HondaResponderTests */ = {
			isa = PBXGroup;
			children = (
				5EA603601FCCACDA0050BAB6 /* Info.plist */,
				5EA6035E1FCCACDA0050BAB6 /* HondaResponderTests.swift */,
			);
			path = HondaResponderTests;
			sourceTree = "<group>";
		};
		93166E3D1FCCB918000D861C /* HondaHelp */ = {
			isa = PBXGroup;
			children = (
				93166E3E1FCCB918000D861C /* AppDelegate.swift */,
				93166E401FCCB918000D861C /* ViewController.swift */,
				93166E421FCCB918000D861C /* Main.storyboard */,
				93166E451FCCB918000D861C /* Assets.xcassets */,
				93166E471FCCB918000D861C /* LaunchScreen.storyboard */,
				93166E4A1FCCB918000D861C /* Info.plist */,
			);
			path = HondaHelp;
			sourceTree = "<group>";
		};
		93166E521FCCB918000D861C /* HondaHelpTests */ = {
			isa = PBXGroup;
			children = (
				93166E531FCCB918000D861C /* HondaHelpTests.swift */,
				93166E551FCCB918000D861C /* Info.plist */,
			);
			path = HondaHelpTests;
			sourceTree = "<group>";
		};
		93166E661FCD033D000D861C /* ResponseUnit */ = {
			isa = PBXGroup;
			children = (
				93166E671FCD033D000D861C /* AppDelegate.swift */,
				93166E691FCD033D000D861C /* ViewController.swift */,
				936C77001FCDDD30009487A4 /* Models */,
				93166E6B1FCD033D000D861C /* Main.storyboard */,
				93166E6E1FCD033D000D861C /* Assets.xcassets */,
				93166E701FCD033D000D861C /* LaunchScreen.storyboard */,
				93166E731FCD033D000D861C /* Info.plist */,
			);
			path = ResponseUnit;
			sourceTree = "<group>";
		};
		936C77001FCDDD30009487A4 /* Models */ = {
			isa = PBXGroup;
			children = (
				936C76FC1FCDDCC7009487A4 /* Incident.swift */,
				936C76FE1FCDDD0B009487A4 /* AssistZone.swift */,
			);
			path = Models;
			sourceTree = "<group>";
		};
/* End PBXGroup section */

/* Begin PBXNativeTarget section */
		5EA603451FCCACD90050BAB6 /* HondaResponder */ = {
			isa = PBXNativeTarget;
			buildConfigurationList = 5EA603631FCCACDA0050BAB6 /* Build configuration list for PBXNativeTarget "HondaResponder" */;
			buildPhases = (
				EEAF3527B1AC894955346620 /* [CP] Check Pods Manifest.lock */,
				5EA603421FCCACD90050BAB6 /* Sources */,
				5EA603431FCCACD90050BAB6 /* Frameworks */,
				5EA603441FCCACD90050BAB6 /* Resources */,
				29447CA6D84531A191000C06 /* [CP] Embed Pods Frameworks */,
				74D0CFB12CBA9378995F5184 /* [CP] Copy Pods Resources */,
			);
			buildRules = (
			);
			dependencies = (
			);
			name = HondaResponder;
			productName = HondaResponder;
			productReference = 5EA603461FCCACD90050BAB6 /* HondaResponder.app */;
			productType = "com.apple.product-type.application";
		};
		5EA603591FCCACDA0050BAB6 /* HondaResponderTests */ = {
			isa = PBXNativeTarget;
			buildConfigurationList = 5EA603661FCCACDA0050BAB6 /* Build configuration list for PBXNativeTarget "HondaResponderTests" */;
			buildPhases = (
				E961E329CE109508F996B454 /* [CP] Check Pods Manifest.lock */,
				5EA603561FCCACDA0050BAB6 /* Sources */,
				5EA603571FCCACDA0050BAB6 /* Frameworks */,
				5EA603581FCCACDA0050BAB6 /* Resources */,
				F3950666DB93A1690F6F09E0 /* [CP] Embed Pods Frameworks */,
				EB110547E98DE7EA6128CAA2 /* [CP] Copy Pods Resources */,
			);
			buildRules = (
			);
			dependencies = (
				5EA6035C1FCCACDA0050BAB6 /* PBXTargetDependency */,
			);
			name = HondaResponderTests;
			productName = HondaResponderTests;
			productReference = 5EA6035A1FCCACDA0050BAB6 /* HondaResponderTests.xctest */;
			productType = "com.apple.product-type.bundle.unit-test";
		};
		93166E3B1FCCB918000D861C /* HondaHelp */ = {
			isa = PBXNativeTarget;
			buildConfigurationList = 93166E561FCCB918000D861C /* Build configuration list for PBXNativeTarget "HondaHelp" */;
			buildPhases = (
				E70E10C7C8587D04DBB977A4 /* [CP] Check Pods Manifest.lock */,
				93166E381FCCB918000D861C /* Sources */,
				93166E391FCCB918000D861C /* Frameworks */,
				93166E3A1FCCB918000D861C /* Resources */,
				4F37BA7381D64604D22A24CD /* [CP] Embed Pods Frameworks */,
				8363A5AE099EF97574BA849D /* [CP] Copy Pods Resources */,
			);
			buildRules = (
			);
			dependencies = (
			);
			name = HondaHelp;
			productName = HondaHelp;
			productReference = 93166E3C1FCCB918000D861C /* HondaHelp.app */;
			productType = "com.apple.product-type.application";
		};
		93166E4E1FCCB918000D861C /* HondaHelpTests */ = {
			isa = PBXNativeTarget;
			buildConfigurationList = 93166E591FCCB918000D861C /* Build configuration list for PBXNativeTarget "HondaHelpTests" */;
			buildPhases = (
				365C0D9BAE9ECA670F0FAFBF /* [CP] Check Pods Manifest.lock */,
				93166E4B1FCCB918000D861C /* Sources */,
				93166E4C1FCCB918000D861C /* Frameworks */,
				93166E4D1FCCB918000D861C /* Resources */,
				714C94632EA7083EF031A8DF /* [CP] Embed Pods Frameworks */,
				F31BD53C6EA7E577C537D525 /* [CP] Copy Pods Resources */,
			);
			buildRules = (
			);
			dependencies = (
				93166E511FCCB918000D861C /* PBXTargetDependency */,
			);
			name = HondaHelpTests;
			productName = HondaHelpTests;
			productReference = 93166E4F1FCCB918000D861C /* HondaHelpTests.xctest */;
			productType = "com.apple.product-type.bundle.unit-test";
		};
		93166E641FCD033D000D861C /* ResponseUnit */ = {
			isa = PBXNativeTarget;
			buildConfigurationList = 93166E741FCD033D000D861C /* Build configuration list for PBXNativeTarget "ResponseUnit" */;
			buildPhases = (
				4A05EC8263D88BDC82DBA079 /* [CP] Check Pods Manifest.lock */,
				93166E611FCD033D000D861C /* Sources */,
				93166E621FCD033D000D861C /* Frameworks */,
				93166E631FCD033D000D861C /* Resources */,
				5765F9F2891B1FA33DCAF60B /* [CP] Embed Pods Frameworks */,
				4D759002870F55715E241242 /* [CP] Copy Pods Resources */,
			);
			buildRules = (
			);
			dependencies = (
			);
			name = ResponseUnit;
			productName = ResponseUnit;
			productReference = 93166E651FCD033D000D861C /* ResponseUnit.app */;
			productType = "com.apple.product-type.application";
		};
/* End PBXNativeTarget section */

/* Begin PBXProject section */
		5EA6033E1FCCACD90050BAB6 /* Project object */ = {
			isa = PBXProject;
			attributes = {
				LastSwiftUpdateCheck = 0910;
				LastUpgradeCheck = 0910;
				ORGANIZATIONNAME = TribalScale;
				TargetAttributes = {
					5EA603451FCCACD90050BAB6 = {
						CreatedOnToolsVersion = 9.1;
						ProvisioningStyle = Automatic;
					};
					5EA603591FCCACDA0050BAB6 = {
						CreatedOnToolsVersion = 9.1;
						ProvisioningStyle = Automatic;
						TestTargetID = 5EA603451FCCACD90050BAB6;
					};
					93166E3B1FCCB918000D861C = {
						CreatedOnToolsVersion = 9.1;
						ProvisioningStyle = Automatic;
					};
					93166E4E1FCCB918000D861C = {
						CreatedOnToolsVersion = 9.1;
						ProvisioningStyle = Automatic;
						TestTargetID = 93166E3B1FCCB918000D861C;
					};
					93166E641FCD033D000D861C = {
						CreatedOnToolsVersion = 9.1;
						ProvisioningStyle = Automatic;
					};
				};
			};
			buildConfigurationList = 5EA603411FCCACD90050BAB6 /* Build configuration list for PBXProject "HondaResponder" */;
			compatibilityVersion = "Xcode 8.0";
			developmentRegion = en;
			hasScannedForEncodings = 0;
			knownRegions = (
				en,
				Base,
			);
			mainGroup = 5EA6033D1FCCACD90050BAB6;
			productRefGroup = 5EA603471FCCACD90050BAB6 /* Products */;
			projectDirPath = "";
			projectRoot = "";
			targets = (
				5EA603451FCCACD90050BAB6 /* HondaResponder */,
				5EA603591FCCACDA0050BAB6 /* HondaResponderTests */,
				93166E3B1FCCB918000D861C /* HondaHelp */,
				93166E4E1FCCB918000D861C /* HondaHelpTests */,
				93166E641FCD033D000D861C /* ResponseUnit */,
			);
		};
/* End PBXProject section */

/* Begin PBXResourcesBuildPhase section */
		5EA603441FCCACD90050BAB6 /* Resources */ = {
			isa = PBXResourcesBuildPhase;
			buildActionMask = 2147483647;
			files = (
				5EA603541FCCACDA0050BAB6 /* LaunchScreen.storyboard in Resources */,
				5EA603511FCCACDA0050BAB6 /* Assets.xcassets in Resources */,
				5EA6034F1FCCACDA0050BAB6 /* Main.storyboard in Resources */,
			);
			runOnlyForDeploymentPostprocessing = 0;
		};
		5EA603581FCCACDA0050BAB6 /* Resources */ = {
			isa = PBXResourcesBuildPhase;
			buildActionMask = 2147483647;
			files = (
			);
			runOnlyForDeploymentPostprocessing = 0;
		};
		93166E3A1FCCB918000D861C /* Resources */ = {
			isa = PBXResourcesBuildPhase;
			buildActionMask = 2147483647;
			files = (
				93166E491FCCB918000D861C /* LaunchScreen.storyboard in Resources */,
				93166E461FCCB918000D861C /* Assets.xcassets in Resources */,
				93166E441FCCB918000D861C /* Main.storyboard in Resources */,
			);
			runOnlyForDeploymentPostprocessing = 0;
		};
		93166E4D1FCCB918000D861C /* Resources */ = {
			isa = PBXResourcesBuildPhase;
			buildActionMask = 2147483647;
			files = (
			);
			runOnlyForDeploymentPostprocessing = 0;
		};
		93166E631FCD033D000D861C /* Resources */ = {
			isa = PBXResourcesBuildPhase;
			buildActionMask = 2147483647;
			files = (
				93166E721FCD033D000D861C /* LaunchScreen.storyboard in Resources */,
				93166E6F1FCD033D000D861C /* Assets.xcassets in Resources */,
				93166E6D1FCD033D000D861C /* Main.storyboard in Resources */,
			);
			runOnlyForDeploymentPostprocessing = 0;
		};
/* End PBXResourcesBuildPhase section */

/* Begin PBXShellScriptBuildPhase section */
		29447CA6D84531A191000C06 /* [CP] Embed Pods Frameworks */ = {
			isa = PBXShellScriptBuildPhase;
			buildActionMask = 2147483647;
			files = (
			);
			inputPaths = (
				"${SRCROOT}/Pods/Target Support Files/Pods-HondaResponder/Pods-HondaResponder-frameworks.sh",
				"${BUILT_PRODUCTS_DIR}/Alamofire/Alamofire.framework",
				"${BUILT_PRODUCTS_DIR}/AlamofireObjectMapper/AlamofireObjectMapper.framework",
				"${BUILT_PRODUCTS_DIR}/ObjectMapper/ObjectMapper.framework",
				"${BUILT_PRODUCTS_DIR}/Starscream/Starscream.framework",
			);
			name = "[CP] Embed Pods Frameworks";
			outputPaths = (
				"${TARGET_BUILD_DIR}/${FRAMEWORKS_FOLDER_PATH}/Alamofire.framework",
				"${TARGET_BUILD_DIR}/${FRAMEWORKS_FOLDER_PATH}/AlamofireObjectMapper.framework",
				"${TARGET_BUILD_DIR}/${FRAMEWORKS_FOLDER_PATH}/ObjectMapper.framework",
				"${TARGET_BUILD_DIR}/${FRAMEWORKS_FOLDER_PATH}/Starscream.framework",
			);
			runOnlyForDeploymentPostprocessing = 0;
			shellPath = /bin/sh;
			shellScript = "\"${SRCROOT}/Pods/Target Support Files/Pods-HondaResponder/Pods-HondaResponder-frameworks.sh\"\n";
			showEnvVarsInLog = 0;
		};
		365C0D9BAE9ECA670F0FAFBF /* [CP] Check Pods Manifest.lock */ = {
			isa = PBXShellScriptBuildPhase;
			buildActionMask = 2147483647;
			files = (
			);
			inputPaths = (
				"${PODS_PODFILE_DIR_PATH}/Podfile.lock",
				"${PODS_ROOT}/Manifest.lock",
			);
			name = "[CP] Check Pods Manifest.lock";
			outputPaths = (
				"$(DERIVED_FILE_DIR)/Pods-HondaHelpTests-checkManifestLockResult.txt",
			);
			runOnlyForDeploymentPostprocessing = 0;
			shellPath = /bin/sh;
			shellScript = "diff \"${PODS_PODFILE_DIR_PATH}/Podfile.lock\" \"${PODS_ROOT}/Manifest.lock\" > /dev/null\nif [ $? != 0 ] ; then\n    # print error to STDERR\n    echo \"error: The sandbox is not in sync with the Podfile.lock. Run 'pod install' or update your CocoaPods installation.\" >&2\n    exit 1\nfi\n# This output is used by Xcode 'outputs' to avoid re-running this script phase.\necho \"SUCCESS\" > \"${SCRIPT_OUTPUT_FILE_0}\"\n";
			showEnvVarsInLog = 0;
		};
		4A05EC8263D88BDC82DBA079 /* [CP] Check Pods Manifest.lock */ = {
			isa = PBXShellScriptBuildPhase;
			buildActionMask = 2147483647;
			files = (
			);
			inputPaths = (
				"${PODS_PODFILE_DIR_PATH}/Podfile.lock",
				"${PODS_ROOT}/Manifest.lock",
			);
			name = "[CP] Check Pods Manifest.lock";
			outputPaths = (
				"$(DERIVED_FILE_DIR)/Pods-ResponseUnit-checkManifestLockResult.txt",
			);
			runOnlyForDeploymentPostprocessing = 0;
			shellPath = /bin/sh;
			shellScript = "diff \"${PODS_PODFILE_DIR_PATH}/Podfile.lock\" \"${PODS_ROOT}/Manifest.lock\" > /dev/null\nif [ $? != 0 ] ; then\n    # print error to STDERR\n    echo \"error: The sandbox is not in sync with the Podfile.lock. Run 'pod install' or update your CocoaPods installation.\" >&2\n    exit 1\nfi\n# This output is used by Xcode 'outputs' to avoid re-running this script phase.\necho \"SUCCESS\" > \"${SCRIPT_OUTPUT_FILE_0}\"\n";
			showEnvVarsInLog = 0;
		};
		4D759002870F55715E241242 /* [CP] Copy Pods Resources */ = {
			isa = PBXShellScriptBuildPhase;
			buildActionMask = 2147483647;
			files = (
			);
			inputPaths = (
				"${SRCROOT}/Pods/Target Support Files/Pods-ResponseUnit/Pods-ResponseUnit-resources.sh",
				"${PODS_ROOT}/GoogleMaps/Maps/Frameworks/GoogleMaps.framework/Resources/GoogleMaps.bundle",
			);
			name = "[CP] Copy Pods Resources";
			outputPaths = (
				"${TARGET_BUILD_DIR}/${UNLOCALIZED_RESOURCES_FOLDER_PATH}",
			);
			runOnlyForDeploymentPostprocessing = 0;
			shellPath = /bin/sh;
			shellScript = "\"${SRCROOT}/Pods/Target Support Files/Pods-ResponseUnit/Pods-ResponseUnit-resources.sh\"\n";
			showEnvVarsInLog = 0;
		};
		4F37BA7381D64604D22A24CD /* [CP] Embed Pods Frameworks */ = {
			isa = PBXShellScriptBuildPhase;
			buildActionMask = 2147483647;
			files = (
			);
			inputPaths = (
				"${SRCROOT}/Pods/Target Support Files/Pods-HondaHelp/Pods-HondaHelp-frameworks.sh",
				"${BUILT_PRODUCTS_DIR}/Alamofire/Alamofire.framework",
				"${BUILT_PRODUCTS_DIR}/AlamofireObjectMapper/AlamofireObjectMapper.framework",
				"${BUILT_PRODUCTS_DIR}/ObjectMapper/ObjectMapper.framework",
				"${BUILT_PRODUCTS_DIR}/Starscream/Starscream.framework",
			);
			name = "[CP] Embed Pods Frameworks";
			outputPaths = (
				"${TARGET_BUILD_DIR}/${FRAMEWORKS_FOLDER_PATH}/Alamofire.framework",
				"${TARGET_BUILD_DIR}/${FRAMEWORKS_FOLDER_PATH}/AlamofireObjectMapper.framework",
				"${TARGET_BUILD_DIR}/${FRAMEWORKS_FOLDER_PATH}/ObjectMapper.framework",
				"${TARGET_BUILD_DIR}/${FRAMEWORKS_FOLDER_PATH}/Starscream.framework",
			);
			runOnlyForDeploymentPostprocessing = 0;
			shellPath = /bin/sh;
			shellScript = "\"${SRCROOT}/Pods/Target Support Files/Pods-HondaHelp/Pods-HondaHelp-frameworks.sh\"\n";
			showEnvVarsInLog = 0;
		};
		5765F9F2891B1FA33DCAF60B /* [CP] Embed Pods Frameworks */ = {
			isa = PBXShellScriptBuildPhase;
			buildActionMask = 2147483647;
			files = (
			);
			inputPaths = (
				"${SRCROOT}/Pods/Target Support Files/Pods-ResponseUnit/Pods-ResponseUnit-frameworks.sh",
				"${BUILT_PRODUCTS_DIR}/Alamofire/Alamofire.framework",
				"${BUILT_PRODUCTS_DIR}/AlamofireObjectMapper/AlamofireObjectMapper.framework",
				"${BUILT_PRODUCTS_DIR}/ObjectMapper/ObjectMapper.framework",
				"${BUILT_PRODUCTS_DIR}/Starscream/Starscream.framework",
			);
			name = "[CP] Embed Pods Frameworks";
			outputPaths = (
				"${TARGET_BUILD_DIR}/${FRAMEWORKS_FOLDER_PATH}/Alamofire.framework",
				"${TARGET_BUILD_DIR}/${FRAMEWORKS_FOLDER_PATH}/AlamofireObjectMapper.framework",
				"${TARGET_BUILD_DIR}/${FRAMEWORKS_FOLDER_PATH}/ObjectMapper.framework",
				"${TARGET_BUILD_DIR}/${FRAMEWORKS_FOLDER_PATH}/Starscream.framework",
			);
			runOnlyForDeploymentPostprocessing = 0;
			shellPath = /bin/sh;
			shellScript = "\"${SRCROOT}/Pods/Target Support Files/Pods-ResponseUnit/Pods-ResponseUnit-frameworks.sh\"\n";
			showEnvVarsInLog = 0;
		};
		714C94632EA7083EF031A8DF /* [CP] Embed Pods Frameworks */ = {
			isa = PBXShellScriptBuildPhase;
			buildActionMask = 2147483647;
			files = (
			);
			inputPaths = (
			);
			name = "[CP] Embed Pods Frameworks";
			outputPaths = (
			);
			runOnlyForDeploymentPostprocessing = 0;
			shellPath = /bin/sh;
			shellScript = "\"${SRCROOT}/Pods/Target Support Files/Pods-HondaHelpTests/Pods-HondaHelpTests-frameworks.sh\"\n";
			showEnvVarsInLog = 0;
		};
		74D0CFB12CBA9378995F5184 /* [CP] Copy Pods Resources */ = {
			isa = PBXShellScriptBuildPhase;
			buildActionMask = 2147483647;
			files = (
			);
			inputPaths = (
				"${SRCROOT}/Pods/Target Support Files/Pods-HondaResponder/Pods-HondaResponder-resources.sh",
				"${PODS_ROOT}/GoogleMaps/Maps/Frameworks/GoogleMaps.framework/Resources/GoogleMaps.bundle",
			);
			name = "[CP] Copy Pods Resources";
			outputPaths = (
				"${TARGET_BUILD_DIR}/${UNLOCALIZED_RESOURCES_FOLDER_PATH}",
			);
			runOnlyForDeploymentPostprocessing = 0;
			shellPath = /bin/sh;
			shellScript = "\"${SRCROOT}/Pods/Target Support Files/Pods-HondaResponder/Pods-HondaResponder-resources.sh\"\n";
			showEnvVarsInLog = 0;
		};
		8363A5AE099EF97574BA849D /* [CP] Copy Pods Resources */ = {
			isa = PBXShellScriptBuildPhase;
			buildActionMask = 2147483647;
			files = (
			);
			inputPaths = (
				"${SRCROOT}/Pods/Target Support Files/Pods-HondaHelp/Pods-HondaHelp-resources.sh",
				"${PODS_ROOT}/GoogleMaps/Maps/Frameworks/GoogleMaps.framework/Resources/GoogleMaps.bundle",
			);
			name = "[CP] Copy Pods Resources";
			outputPaths = (
				"${TARGET_BUILD_DIR}/${UNLOCALIZED_RESOURCES_FOLDER_PATH}",
			);
			runOnlyForDeploymentPostprocessing = 0;
			shellPath = /bin/sh;
			shellScript = "\"${SRCROOT}/Pods/Target Support Files/Pods-HondaHelp/Pods-HondaHelp-resources.sh\"\n";
			showEnvVarsInLog = 0;
		};
		E70E10C7C8587D04DBB977A4 /* [CP] Check Pods Manifest.lock */ = {
			isa = PBXShellScriptBuildPhase;
			buildActionMask = 2147483647;
			files = (
			);
			inputPaths = (
				"${PODS_PODFILE_DIR_PATH}/Podfile.lock",
				"${PODS_ROOT}/Manifest.lock",
			);
			name = "[CP] Check Pods Manifest.lock";
			outputPaths = (
				"$(DERIVED_FILE_DIR)/Pods-HondaHelp-checkManifestLockResult.txt",
			);
			runOnlyForDeploymentPostprocessing = 0;
			shellPath = /bin/sh;
			shellScript = "diff \"${PODS_PODFILE_DIR_PATH}/Podfile.lock\" \"${PODS_ROOT}/Manifest.lock\" > /dev/null\nif [ $? != 0 ] ; then\n    # print error to STDERR\n    echo \"error: The sandbox is not in sync with the Podfile.lock. Run 'pod install' or update your CocoaPods installation.\" >&2\n    exit 1\nfi\n# This output is used by Xcode 'outputs' to avoid re-running this script phase.\necho \"SUCCESS\" > \"${SCRIPT_OUTPUT_FILE_0}\"\n";
			showEnvVarsInLog = 0;
		};
		E961E329CE109508F996B454 /* [CP] Check Pods Manifest.lock */ = {
			isa = PBXShellScriptBuildPhase;
			buildActionMask = 2147483647;
			files = (
			);
			inputPaths = (
				"${PODS_PODFILE_DIR_PATH}/Podfile.lock",
				"${PODS_ROOT}/Manifest.lock",
			);
			name = "[CP] Check Pods Manifest.lock";
			outputPaths = (
				"$(DERIVED_FILE_DIR)/Pods-HondaResponderTests-checkManifestLockResult.txt",
			);
			runOnlyForDeploymentPostprocessing = 0;
			shellPath = /bin/sh;
			shellScript = "diff \"${PODS_PODFILE_DIR_PATH}/Podfile.lock\" \"${PODS_ROOT}/Manifest.lock\" > /dev/null\nif [ $? != 0 ] ; then\n    # print error to STDERR\n    echo \"error: The sandbox is not in sync with the Podfile.lock. Run 'pod install' or update your CocoaPods installation.\" >&2\n    exit 1\nfi\n# This output is used by Xcode 'outputs' to avoid re-running this script phase.\necho \"SUCCESS\" > \"${SCRIPT_OUTPUT_FILE_0}\"\n";
			showEnvVarsInLog = 0;
		};
		EB110547E98DE7EA6128CAA2 /* [CP] Copy Pods Resources */ = {
			isa = PBXShellScriptBuildPhase;
			buildActionMask = 2147483647;
			files = (
			);
			inputPaths = (
			);
			name = "[CP] Copy Pods Resources";
			outputPaths = (
			);
			runOnlyForDeploymentPostprocessing = 0;
			shellPath = /bin/sh;
			shellScript = "\"${SRCROOT}/Pods/Target Support Files/Pods-HondaResponderTests/Pods-HondaResponderTests-resources.sh\"\n";
			showEnvVarsInLog = 0;
		};
		EEAF3527B1AC894955346620 /* [CP] Check Pods Manifest.lock */ = {
			isa = PBXShellScriptBuildPhase;
			buildActionMask = 2147483647;
			files = (
			);
			inputPaths = (
				"${PODS_PODFILE_DIR_PATH}/Podfile.lock",
				"${PODS_ROOT}/Manifest.lock",
			);
			name = "[CP] Check Pods Manifest.lock";
			outputPaths = (
				"$(DERIVED_FILE_DIR)/Pods-HondaResponder-checkManifestLockResult.txt",
			);
			runOnlyForDeploymentPostprocessing = 0;
			shellPath = /bin/sh;
			shellScript = "diff \"${PODS_PODFILE_DIR_PATH}/Podfile.lock\" \"${PODS_ROOT}/Manifest.lock\" > /dev/null\nif [ $? != 0 ] ; then\n    # print error to STDERR\n    echo \"error: The sandbox is not in sync with the Podfile.lock. Run 'pod install' or update your CocoaPods installation.\" >&2\n    exit 1\nfi\n# This output is used by Xcode 'outputs' to avoid re-running this script phase.\necho \"SUCCESS\" > \"${SCRIPT_OUTPUT_FILE_0}\"\n";
			showEnvVarsInLog = 0;
		};
		F31BD53C6EA7E577C537D525 /* [CP] Copy Pods Resources */ = {
			isa = PBXShellScriptBuildPhase;
			buildActionMask = 2147483647;
			files = (
			);
			inputPaths = (
			);
			name = "[CP] Copy Pods Resources";
			outputPaths = (
			);
			runOnlyForDeploymentPostprocessing = 0;
			shellPath = /bin/sh;
			shellScript = "\"${SRCROOT}/Pods/Target Support Files/Pods-HondaHelpTests/Pods-HondaHelpTests-resources.sh\"\n";
			showEnvVarsInLog = 0;
		};
		F3950666DB93A1690F6F09E0 /* [CP] Embed Pods Frameworks */ = {
			isa = PBXShellScriptBuildPhase;
			buildActionMask = 2147483647;
			files = (
			);
			inputPaths = (
			);
			name = "[CP] Embed Pods Frameworks";
			outputPaths = (
			);
			runOnlyForDeploymentPostprocessing = 0;
			shellPath = /bin/sh;
			shellScript = "\"${SRCROOT}/Pods/Target Support Files/Pods-HondaResponderTests/Pods-HondaResponderTests-frameworks.sh\"\n";
			showEnvVarsInLog = 0;
		};
/* End PBXShellScriptBuildPhase section */

/* Begin PBXSourcesBuildPhase section */
		5EA603421FCCACD90050BAB6 /* Sources */ = {
			isa = PBXSourcesBuildPhase;
			buildActionMask = 2147483647;
			files = (
				5E7686861FCD3E4900E87DA5 /* SocketEnginePacketType.swift in Sources */,
				5E76866C1FCD3E4900E87DA5 /* SocketStringReader.swift in Sources */,
				5E76868A1FCD3E4900E87DA5 /* SocketIOClientConfiguration.swift in Sources */,
				5E7686901FCD3E4900E87DA5 /* SocketIOClientOption.swift in Sources */,
				5E7686801FCD3E4900E87DA5 /* SocketEngineWebsocket.swift in Sources */,
				5E76867E1FCD3E4900E87DA5 /* SocketEngineClient.swift in Sources */,
				5E7686841FCD3E4900E87DA5 /* SocketEngineSpec.swift in Sources */,
				5E7686701FCD3E4900E87DA5 /* SocketExtensions.swift in Sources */,
				5E76868C1FCD3E4900E87DA5 /* SocketAnyEvent.swift in Sources */,
				5E7686761FCD3E4900E87DA5 /* SocketParsable.swift in Sources */,
				5E7686881FCD3E4900E87DA5 /* SocketEngine.swift in Sources */,
				5E76867A1FCD3E4900E87DA5 /* SocketManagerSpec.swift in Sources */,
				5E7686961FCD3E4900E87DA5 /* SocketIOStatus.swift in Sources */,
				5E76869A1FCD3E4900E87DA5 /* SocketAckEmitter.swift in Sources */,
				5E76867C1FCD3E4900E87DA5 /* SocketManager.swift in Sources */,
				5EA6034C1FCCACD90050BAB6 /* ViewController.swift in Sources */,
				5E4619BB1FCD07C100F84E67 /* DispatchVehiclesViewController.swift in Sources */,
				5E76866E1FCD3E4900E87DA5 /* SocketLogger.swift in Sources */,
				5E7686981FCD3E4900E87DA5 /* SocketAckManager.swift in Sources */,
				5E7686741FCD3E4900E87DA5 /* SocketTypes.swift in Sources */,
				5E7686921FCD3E4900E87DA5 /* SocketEventHandler.swift in Sources */,
				5E7686941FCD3E4900E87DA5 /* SocketIOClientSpec.swift in Sources */,
				5E76868E1FCD3E4900E87DA5 /* SocketIOClient.swift in Sources */,
				5E7686721FCD3E4900E87DA5 /* SSLSecurity.swift in Sources */,
				5E7686821FCD3E4900E87DA5 /* SocketEnginePollable.swift in Sources */,
				5E7686781FCD3E4900E87DA5 /* SocketPacket.swift in Sources */,
				5EA6034A1FCCACD90050BAB6 /* AppDelegate.swift in Sources */,
				5E4619B81FCCE68800F84E67 /* EventsViewController.swift in Sources */,
			);
			runOnlyForDeploymentPostprocessing = 0;
		};
		5EA603561FCCACDA0050BAB6 /* Sources */ = {
			isa = PBXSourcesBuildPhase;
			buildActionMask = 2147483647;
			files = (
				5EA6035F1FCCACDA0050BAB6 /* HondaResponderTests.swift in Sources */,
			);
			runOnlyForDeploymentPostprocessing = 0;
		};
		93166E381FCCB918000D861C /* Sources */ = {
			isa = PBXSourcesBuildPhase;
			buildActionMask = 2147483647;
			files = (
				5E76867F1FCD3E4900E87DA5 /* SocketEngineClient.swift in Sources */,
				5E76868B1FCD3E4900E87DA5 /* SocketIOClientConfiguration.swift in Sources */,
				5E7686791FCD3E4900E87DA5 /* SocketPacket.swift in Sources */,
				5E7686811FCD3E4900E87DA5 /* SocketEngineWebsocket.swift in Sources */,
				5E7686731FCD3E4900E87DA5 /* SSLSecurity.swift in Sources */,
				93166E411FCCB918000D861C /* ViewController.swift in Sources */,
				5E7686751FCD3E4900E87DA5 /* SocketTypes.swift in Sources */,
				5E7686891FCD3E4900E87DA5 /* SocketEngine.swift in Sources */,
				5E76867B1FCD3E4900E87DA5 /* SocketManagerSpec.swift in Sources */,
				5E7686831FCD3E4900E87DA5 /* SocketEnginePollable.swift in Sources */,
				5E7686971FCD3E4900E87DA5 /* SocketIOStatus.swift in Sources */,
				5E7686911FCD3E4900E87DA5 /* SocketIOClientOption.swift in Sources */,
				5E76868D1FCD3E4900E87DA5 /* SocketAnyEvent.swift in Sources */,
				5E76866F1FCD3E4900E87DA5 /* SocketLogger.swift in Sources */,
				5E7686991FCD3E4900E87DA5 /* SocketAckManager.swift in Sources */,
				5E7686931FCD3E4900E87DA5 /* SocketEventHandler.swift in Sources */,
				5E7686871FCD3E4900E87DA5 /* SocketEnginePacketType.swift in Sources */,
				5E7686711FCD3E4900E87DA5 /* SocketExtensions.swift in Sources */,
				5E7686771FCD3E4900E87DA5 /* SocketParsable.swift in Sources */,
				5E7686851FCD3E4900E87DA5 /* SocketEngineSpec.swift in Sources */,
				93166E3F1FCCB918000D861C /* AppDelegate.swift in Sources */,
				5E76869B1FCD3E4900E87DA5 /* SocketAckEmitter.swift in Sources */,
				5E76866D1FCD3E4900E87DA5 /* SocketStringReader.swift in Sources */,
				5E76868F1FCD3E4900E87DA5 /* SocketIOClient.swift in Sources */,
				5E76867D1FCD3E4900E87DA5 /* SocketManager.swift in Sources */,
				5E7686951FCD3E4900E87DA5 /* SocketIOClientSpec.swift in Sources */,
			);
			runOnlyForDeploymentPostprocessing = 0;
		};
		93166E4B1FCCB918000D861C /* Sources */ = {
			isa = PBXSourcesBuildPhase;
			buildActionMask = 2147483647;
			files = (
				93166E541FCCB918000D861C /* HondaHelpTests.swift in Sources */,
			);
			runOnlyForDeploymentPostprocessing = 0;
		};
		93166E611FCD033D000D861C /* Sources */ = {
			isa = PBXSourcesBuildPhase;
			buildActionMask = 2147483647;
			files = (
				93166E841FCD482F000D861C /* SocketEnginePacketType.swift in Sources */,
				93166E771FCD482F000D861C /* SocketStringReader.swift in Sources */,
				936C76FF1FCDDD0B009487A4 /* AssistZone.swift in Sources */,
				93166E861FCD482F000D861C /* SocketIOClientConfiguration.swift in Sources */,
				93166E891FCD482F000D861C /* SocketIOClientOption.swift in Sources */,
				93166E811FCD482F000D861C /* SocketEngineWebsocket.swift in Sources */,
				93166E801FCD482F000D861C /* SocketEngineClient.swift in Sources */,
				93166E831FCD482F000D861C /* SocketEngineSpec.swift in Sources */,
				93166E791FCD482F000D861C /* SocketExtensions.swift in Sources */,
				93166E871FCD482F000D861C /* SocketAnyEvent.swift in Sources */,
				93166E7C1FCD482F000D861C /* SocketParsable.swift in Sources */,
				936C76FD1FCDDCC7009487A4 /* Incident.swift in Sources */,
				93166E851FCD482F000D861C /* SocketEngine.swift in Sources */,
				93166E7E1FCD482F000D861C /* SocketManagerSpec.swift in Sources */,
				93166E8C1FCD482F000D861C /* SocketIOStatus.swift in Sources */,
				93166E8E1FCD482F000D861C /* SocketAckEmitter.swift in Sources */,
				93166E7F1FCD482F000D861C /* SocketManager.swift in Sources */,
				93166E6A1FCD033D000D861C /* ViewController.swift in Sources */,
				93166E781FCD482F000D861C /* SocketLogger.swift in Sources */,
				93166E8D1FCD482F000D861C /* SocketAckManager.swift in Sources */,
				93166E7B1FCD482F000D861C /* SocketTypes.swift in Sources */,
				93166E8A1FCD482F000D861C /* SocketEventHandler.swift in Sources */,
				93166E8B1FCD482F000D861C /* SocketIOClientSpec.swift in Sources */,
				93166E881FCD482F000D861C /* SocketIOClient.swift in Sources */,
				93166E7A1FCD482F000D861C /* SSLSecurity.swift in Sources */,
				93166E821FCD482F000D861C /* SocketEnginePollable.swift in Sources */,
				93166E7D1FCD482F000D861C /* SocketPacket.swift in Sources */,
				93166E681FCD033D000D861C /* AppDelegate.swift in Sources */,
			);
			runOnlyForDeploymentPostprocessing = 0;
		};
/* End PBXSourcesBuildPhase section */

/* Begin PBXTargetDependency section */
		5EA6035C1FCCACDA0050BAB6 /* PBXTargetDependency */ = {
			isa = PBXTargetDependency;
			target = 5EA603451FCCACD90050BAB6 /* HondaResponder */;
			targetProxy = 5EA6035B1FCCACDA0050BAB6 /* PBXContainerItemProxy */;
		};
		93166E511FCCB918000D861C /* PBXTargetDependency */ = {
			isa = PBXTargetDependency;
			target = 93166E3B1FCCB918000D861C /* HondaHelp */;
			targetProxy = 93166E501FCCB918000D861C /* PBXContainerItemProxy */;
		};
/* End PBXTargetDependency section */

/* Begin PBXVariantGroup section */
		5EA6034D1FCCACDA0050BAB6 /* Main.storyboard */ = {
			isa = PBXVariantGroup;
			children = (
				5EA6034E1FCCACDA0050BAB6 /* Base */,
			);
			name = Main.storyboard;
			sourceTree = "<group>";
		};
		5EA603521FCCACDA0050BAB6 /* LaunchScreen.storyboard */ = {
			isa = PBXVariantGroup;
			children = (
				5EA603531FCCACDA0050BAB6 /* Base */,
			);
			name = LaunchScreen.storyboard;
			sourceTree = "<group>";
		};
		93166E421FCCB918000D861C /* Main.storyboard */ = {
			isa = PBXVariantGroup;
			children = (
				93166E431FCCB918000D861C /* Base */,
			);
			name = Main.storyboard;
			sourceTree = "<group>";
		};
		93166E471FCCB918000D861C /* LaunchScreen.storyboard */ = {
			isa = PBXVariantGroup;
			children = (
				93166E481FCCB918000D861C /* Base */,
			);
			name = LaunchScreen.storyboard;
			sourceTree = "<group>";
		};
		93166E6B1FCD033D000D861C /* Main.storyboard */ = {
			isa = PBXVariantGroup;
			children = (
				93166E6C1FCD033D000D861C /* Base */,
			);
			name = Main.storyboard;
			sourceTree = "<group>";
		};
		93166E701FCD033D000D861C /* LaunchScreen.storyboard */ = {
			isa = PBXVariantGroup;
			children = (
				93166E711FCD033D000D861C /* Base */,
			);
			name = LaunchScreen.storyboard;
			sourceTree = "<group>";
		};
/* End PBXVariantGroup section */

/* Begin XCBuildConfiguration section */
		5EA603611FCCACDA0050BAB6 /* Debug */ = {
			isa = XCBuildConfiguration;
			buildSettings = {
				ALWAYS_SEARCH_USER_PATHS = NO;
				CLANG_ANALYZER_NONNULL = YES;
				CLANG_ANALYZER_NUMBER_OBJECT_CONVERSION = YES_AGGRESSIVE;
				CLANG_CXX_LANGUAGE_STANDARD = "gnu++14";
				CLANG_CXX_LIBRARY = "libc++";
				CLANG_ENABLE_MODULES = YES;
				CLANG_ENABLE_OBJC_ARC = YES;
				CLANG_WARN_BLOCK_CAPTURE_AUTORELEASING = YES;
				CLANG_WARN_BOOL_CONVERSION = YES;
				CLANG_WARN_COMMA = YES;
				CLANG_WARN_CONSTANT_CONVERSION = YES;
				CLANG_WARN_DIRECT_OBJC_ISA_USAGE = YES_ERROR;
				CLANG_WARN_DOCUMENTATION_COMMENTS = YES;
				CLANG_WARN_EMPTY_BODY = YES;
				CLANG_WARN_ENUM_CONVERSION = YES;
				CLANG_WARN_INFINITE_RECURSION = YES;
				CLANG_WARN_INT_CONVERSION = YES;
				CLANG_WARN_NON_LITERAL_NULL_CONVERSION = YES;
				CLANG_WARN_OBJC_LITERAL_CONVERSION = YES;
				CLANG_WARN_OBJC_ROOT_CLASS = YES_ERROR;
				CLANG_WARN_RANGE_LOOP_ANALYSIS = YES;
				CLANG_WARN_STRICT_PROTOTYPES = YES;
				CLANG_WARN_SUSPICIOUS_MOVE = YES;
				CLANG_WARN_UNGUARDED_AVAILABILITY = YES_AGGRESSIVE;
				CLANG_WARN_UNREACHABLE_CODE = YES;
				CLANG_WARN__DUPLICATE_METHOD_MATCH = YES;
				CODE_SIGN_IDENTITY = "iPhone Developer";
				COPY_PHASE_STRIP = NO;
				DEBUG_INFORMATION_FORMAT = dwarf;
				ENABLE_STRICT_OBJC_MSGSEND = YES;
				ENABLE_TESTABILITY = YES;
				GCC_C_LANGUAGE_STANDARD = gnu11;
				GCC_DYNAMIC_NO_PIC = NO;
				GCC_NO_COMMON_BLOCKS = YES;
				GCC_OPTIMIZATION_LEVEL = 0;
				GCC_PREPROCESSOR_DEFINITIONS = (
					"DEBUG=1",
					"$(inherited)",
				);
				GCC_WARN_64_TO_32_BIT_CONVERSION = YES;
				GCC_WARN_ABOUT_RETURN_TYPE = YES_ERROR;
				GCC_WARN_UNDECLARED_SELECTOR = YES;
				GCC_WARN_UNINITIALIZED_AUTOS = YES_AGGRESSIVE;
				GCC_WARN_UNUSED_FUNCTION = YES;
				GCC_WARN_UNUSED_VARIABLE = YES;
				IPHONEOS_DEPLOYMENT_TARGET = 11.1;
				MTL_ENABLE_DEBUG_INFO = YES;
				ONLY_ACTIVE_ARCH = YES;
				SDKROOT = iphoneos;
				SWIFT_ACTIVE_COMPILATION_CONDITIONS = DEBUG;
				SWIFT_OPTIMIZATION_LEVEL = "-Onone";
			};
			name = Debug;
		};
		5EA603621FCCACDA0050BAB6 /* Release */ = {
			isa = XCBuildConfiguration;
			buildSettings = {
				ALWAYS_SEARCH_USER_PATHS = NO;
				CLANG_ANALYZER_NONNULL = YES;
				CLANG_ANALYZER_NUMBER_OBJECT_CONVERSION = YES_AGGRESSIVE;
				CLANG_CXX_LANGUAGE_STANDARD = "gnu++14";
				CLANG_CXX_LIBRARY = "libc++";
				CLANG_ENABLE_MODULES = YES;
				CLANG_ENABLE_OBJC_ARC = YES;
				CLANG_WARN_BLOCK_CAPTURE_AUTORELEASING = YES;
				CLANG_WARN_BOOL_CONVERSION = YES;
				CLANG_WARN_COMMA = YES;
				CLANG_WARN_CONSTANT_CONVERSION = YES;
				CLANG_WARN_DIRECT_OBJC_ISA_USAGE = YES_ERROR;
				CLANG_WARN_DOCUMENTATION_COMMENTS = YES;
				CLANG_WARN_EMPTY_BODY = YES;
				CLANG_WARN_ENUM_CONVERSION = YES;
				CLANG_WARN_INFINITE_RECURSION = YES;
				CLANG_WARN_INT_CONVERSION = YES;
				CLANG_WARN_NON_LITERAL_NULL_CONVERSION = YES;
				CLANG_WARN_OBJC_LITERAL_CONVERSION = YES;
				CLANG_WARN_OBJC_ROOT_CLASS = YES_ERROR;
				CLANG_WARN_RANGE_LOOP_ANALYSIS = YES;
				CLANG_WARN_STRICT_PROTOTYPES = YES;
				CLANG_WARN_SUSPICIOUS_MOVE = YES;
				CLANG_WARN_UNGUARDED_AVAILABILITY = YES_AGGRESSIVE;
				CLANG_WARN_UNREACHABLE_CODE = YES;
				CLANG_WARN__DUPLICATE_METHOD_MATCH = YES;
				CODE_SIGN_IDENTITY = "iPhone Developer";
				COPY_PHASE_STRIP = NO;
				DEBUG_INFORMATION_FORMAT = "dwarf-with-dsym";
				ENABLE_NS_ASSERTIONS = NO;
				ENABLE_STRICT_OBJC_MSGSEND = YES;
				GCC_C_LANGUAGE_STANDARD = gnu11;
				GCC_NO_COMMON_BLOCKS = YES;
				GCC_WARN_64_TO_32_BIT_CONVERSION = YES;
				GCC_WARN_ABOUT_RETURN_TYPE = YES_ERROR;
				GCC_WARN_UNDECLARED_SELECTOR = YES;
				GCC_WARN_UNINITIALIZED_AUTOS = YES_AGGRESSIVE;
				GCC_WARN_UNUSED_FUNCTION = YES;
				GCC_WARN_UNUSED_VARIABLE = YES;
				IPHONEOS_DEPLOYMENT_TARGET = 11.1;
				MTL_ENABLE_DEBUG_INFO = NO;
				SDKROOT = iphoneos;
				SWIFT_OPTIMIZATION_LEVEL = "-Owholemodule";
				VALIDATE_PRODUCT = YES;
			};
			name = Release;
		};
		5EA603641FCCACDA0050BAB6 /* Debug */ = {
			isa = XCBuildConfiguration;
			baseConfigurationReference = 98307F38C3568E356517BA8D /* Pods-HondaResponder.debug.xcconfig */;
			buildSettings = {
				ASSETCATALOG_COMPILER_APPICON_NAME = AppIcon;
				CODE_SIGN_STYLE = Automatic;
				DEVELOPMENT_TEAM = 5GUHK8L5H2;
				INFOPLIST_FILE = HondaResponder/Info.plist;
				IPHONEOS_DEPLOYMENT_TARGET = 11.0;
				LD_RUNPATH_SEARCH_PATHS = "$(inherited) @executable_path/Frameworks";
				PRODUCT_BUNDLE_IDENTIFIER = com.tribalscale.HondaResponder;
				PRODUCT_NAME = "$(TARGET_NAME)";
				SWIFT_VERSION = 4.0;
				TARGETED_DEVICE_FAMILY = "1,2";
			};
			name = Debug;
		};
		5EA603651FCCACDA0050BAB6 /* Release */ = {
			isa = XCBuildConfiguration;
			baseConfigurationReference = 88D49DEC8BBA7840423B57C0 /* Pods-HondaResponder.release.xcconfig */;
			buildSettings = {
				ASSETCATALOG_COMPILER_APPICON_NAME = AppIcon;
				CODE_SIGN_STYLE = Automatic;
				DEVELOPMENT_TEAM = 5GUHK8L5H2;
				INFOPLIST_FILE = HondaResponder/Info.plist;
				IPHONEOS_DEPLOYMENT_TARGET = 11.0;
				LD_RUNPATH_SEARCH_PATHS = "$(inherited) @executable_path/Frameworks";
				PRODUCT_BUNDLE_IDENTIFIER = com.tribalscale.HondaResponder;
				PRODUCT_NAME = "$(TARGET_NAME)";
				SWIFT_VERSION = 4.0;
				TARGETED_DEVICE_FAMILY = "1,2";
			};
			name = Release;
		};
		5EA603671FCCACDA0050BAB6 /* Debug */ = {
			isa = XCBuildConfiguration;
			baseConfigurationReference = C70FF8A0B3D52A7C660C31C2 /* Pods-HondaResponderTests.debug.xcconfig */;
			buildSettings = {
				ALWAYS_EMBED_SWIFT_STANDARD_LIBRARIES = YES;
				BUNDLE_LOADER = "$(TEST_HOST)";
				CODE_SIGN_STYLE = Automatic;
				DEVELOPMENT_TEAM = 8EU22292BA;
				INFOPLIST_FILE = HondaResponderTests/Info.plist;
				LD_RUNPATH_SEARCH_PATHS = "$(inherited) @executable_path/Frameworks @loader_path/Frameworks";
				PRODUCT_BUNDLE_IDENTIFIER = com.tribalscale.HondaResponderTests;
				PRODUCT_NAME = "$(TARGET_NAME)";
				SWIFT_VERSION = 4.0;
				TARGETED_DEVICE_FAMILY = "1,2";
				TEST_HOST = "$(BUILT_PRODUCTS_DIR)/HondaResponder.app/HondaResponder";
			};
			name = Debug;
		};
		5EA603681FCCACDA0050BAB6 /* Release */ = {
			isa = XCBuildConfiguration;
			baseConfigurationReference = 7CBFEADE1BB4CD1F58CA51B5 /* Pods-HondaResponderTests.release.xcconfig */;
			buildSettings = {
				ALWAYS_EMBED_SWIFT_STANDARD_LIBRARIES = YES;
				BUNDLE_LOADER = "$(TEST_HOST)";
				CODE_SIGN_STYLE = Automatic;
				DEVELOPMENT_TEAM = 8EU22292BA;
				INFOPLIST_FILE = HondaResponderTests/Info.plist;
				LD_RUNPATH_SEARCH_PATHS = "$(inherited) @executable_path/Frameworks @loader_path/Frameworks";
				PRODUCT_BUNDLE_IDENTIFIER = com.tribalscale.HondaResponderTests;
				PRODUCT_NAME = "$(TARGET_NAME)";
				SWIFT_VERSION = 4.0;
				TARGETED_DEVICE_FAMILY = "1,2";
				TEST_HOST = "$(BUILT_PRODUCTS_DIR)/HondaResponder.app/HondaResponder";
			};
			name = Release;
		};
		93166E571FCCB918000D861C /* Debug */ = {
			isa = XCBuildConfiguration;
			baseConfigurationReference = AB372D6FD8C036D7880F27B2 /* Pods-HondaHelp.debug.xcconfig */;
			buildSettings = {
				ASSETCATALOG_COMPILER_APPICON_NAME = AppIcon;
				CODE_SIGN_STYLE = Automatic;
				DEVELOPMENT_TEAM = KY85PLMKC9;
				INFOPLIST_FILE = HondaHelp/Info.plist;
				IPHONEOS_DEPLOYMENT_TARGET = 11.0;
				LD_RUNPATH_SEARCH_PATHS = "$(inherited) @executable_path/Frameworks";
				PRODUCT_BUNDLE_IDENTIFIER = com.tribalscale.HondaHelp;
				PRODUCT_NAME = "$(TARGET_NAME)";
				SWIFT_VERSION = 4.0;
				TARGETED_DEVICE_FAMILY = "1,2";
			};
			name = Debug;
		};
		93166E581FCCB918000D861C /* Release */ = {
			isa = XCBuildConfiguration;
			baseConfigurationReference = 3B6ED8F4F587A8F886A92AAE /* Pods-HondaHelp.release.xcconfig */;
			buildSettings = {
				ASSETCATALOG_COMPILER_APPICON_NAME = AppIcon;
				CODE_SIGN_STYLE = Automatic;
				DEVELOPMENT_TEAM = KY85PLMKC9;
				INFOPLIST_FILE = HondaHelp/Info.plist;
				IPHONEOS_DEPLOYMENT_TARGET = 11.0;
				LD_RUNPATH_SEARCH_PATHS = "$(inherited) @executable_path/Frameworks";
				PRODUCT_BUNDLE_IDENTIFIER = com.tribalscale.HondaHelp;
				PRODUCT_NAME = "$(TARGET_NAME)";
				SWIFT_VERSION = 4.0;
				TARGETED_DEVICE_FAMILY = "1,2";
			};
			name = Release;
		};
		93166E5A1FCCB918000D861C /* Debug */ = {
			isa = XCBuildConfiguration;
			baseConfigurationReference = B5C2B2AB52E74CA9B9CB7A47 /* Pods-HondaHelpTests.debug.xcconfig */;
			buildSettings = {
				ALWAYS_EMBED_SWIFT_STANDARD_LIBRARIES = YES;
				BUNDLE_LOADER = "$(TEST_HOST)";
				CODE_SIGN_STYLE = Automatic;
				DEVELOPMENT_TEAM = 8EU22292BA;
				INFOPLIST_FILE = HondaHelpTests/Info.plist;
				LD_RUNPATH_SEARCH_PATHS = "$(inherited) @executable_path/Frameworks @loader_path/Frameworks";
				PRODUCT_BUNDLE_IDENTIFIER = com.tribalscale.HondaHelpTests;
				PRODUCT_NAME = "$(TARGET_NAME)";
				SWIFT_VERSION = 4.0;
				TARGETED_DEVICE_FAMILY = "1,2";
				TEST_HOST = "$(BUILT_PRODUCTS_DIR)/HondaHelp.app/HondaHelp";
			};
			name = Debug;
		};
		93166E5B1FCCB918000D861C /* Release */ = {
			isa = XCBuildConfiguration;
			baseConfigurationReference = 709ADD9172CB03D641844394 /* Pods-HondaHelpTests.release.xcconfig */;
			buildSettings = {
				ALWAYS_EMBED_SWIFT_STANDARD_LIBRARIES = YES;
				BUNDLE_LOADER = "$(TEST_HOST)";
				CODE_SIGN_STYLE = Automatic;
				DEVELOPMENT_TEAM = 8EU22292BA;
				INFOPLIST_FILE = HondaHelpTests/Info.plist;
				LD_RUNPATH_SEARCH_PATHS = "$(inherited) @executable_path/Frameworks @loader_path/Frameworks";
				PRODUCT_BUNDLE_IDENTIFIER = com.tribalscale.HondaHelpTests;
				PRODUCT_NAME = "$(TARGET_NAME)";
				SWIFT_VERSION = 4.0;
				TARGETED_DEVICE_FAMILY = "1,2";
				TEST_HOST = "$(BUILT_PRODUCTS_DIR)/HondaHelp.app/HondaHelp";
			};
			name = Release;
		};
		93166E751FCD033D000D861C /* Debug */ = {
			isa = XCBuildConfiguration;
			baseConfigurationReference = 1E9486C40D14C976FEB25809 /* Pods-ResponseUnit.debug.xcconfig */;
			buildSettings = {
				ASSETCATALOG_COMPILER_APPICON_NAME = AppIcon;
				CODE_SIGN_STYLE = Automatic;
				DEVELOPMENT_TEAM = X6XWE49795;
				INFOPLIST_FILE = ResponseUnit/Info.plist;
				LD_RUNPATH_SEARCH_PATHS = "$(inherited) @executable_path/Frameworks";
				PRODUCT_BUNDLE_IDENTIFIER = com.tribalscale.ResponseUnit;
				PRODUCT_NAME = "$(TARGET_NAME)";
				SWIFT_VERSION = 4.0;
				TARGETED_DEVICE_FAMILY = "1,2";
			};
			name = Debug;
		};
		93166E761FCD033D000D861C /* Release */ = {
			isa = XCBuildConfiguration;
			baseConfigurationReference = 452FA5066B8A978FB4CCFCB6 /* Pods-ResponseUnit.release.xcconfig */;
			buildSettings = {
				ASSETCATALOG_COMPILER_APPICON_NAME = AppIcon;
				CODE_SIGN_STYLE = Automatic;
				DEVELOPMENT_TEAM = X6XWE49795;
				INFOPLIST_FILE = ResponseUnit/Info.plist;
				LD_RUNPATH_SEARCH_PATHS = "$(inherited) @executable_path/Frameworks";
				PRODUCT_BUNDLE_IDENTIFIER = com.tribalscale.ResponseUnit;
				PRODUCT_NAME = "$(TARGET_NAME)";
				SWIFT_VERSION = 4.0;
				TARGETED_DEVICE_FAMILY = "1,2";
			};
			name = Release;
		};
/* End XCBuildConfiguration section */

/* Begin XCConfigurationList section */
		5EA603411FCCACD90050BAB6 /* Build configuration list for PBXProject "HondaResponder" */ = {
			isa = XCConfigurationList;
			buildConfigurations = (
				5EA603611FCCACDA0050BAB6 /* Debug */,
				5EA603621FCCACDA0050BAB6 /* Release */,
			);
			defaultConfigurationIsVisible = 0;
			defaultConfigurationName = Release;
		};
		5EA603631FCCACDA0050BAB6 /* Build configuration list for PBXNativeTarget "HondaResponder" */ = {
			isa = XCConfigurationList;
			buildConfigurations = (
				5EA603641FCCACDA0050BAB6 /* Debug */,
				5EA603651FCCACDA0050BAB6 /* Release */,
			);
			defaultConfigurationIsVisible = 0;
			defaultConfigurationName = Release;
		};
		5EA603661FCCACDA0050BAB6 /* Build configuration list for PBXNativeTarget "HondaResponderTests" */ = {
			isa = XCConfigurationList;
			buildConfigurations = (
				5EA603671FCCACDA0050BAB6 /* Debug */,
				5EA603681FCCACDA0050BAB6 /* Release */,
			);
			defaultConfigurationIsVisible = 0;
			defaultConfigurationName = Release;
		};
		93166E561FCCB918000D861C /* Build configuration list for PBXNativeTarget "HondaHelp" */ = {
			isa = XCConfigurationList;
			buildConfigurations = (
				93166E571FCCB918000D861C /* Debug */,
				93166E581FCCB918000D861C /* Release */,
			);
			defaultConfigurationIsVisible = 0;
			defaultConfigurationName = Release;
		};
		93166E591FCCB918000D861C /* Build configuration list for PBXNativeTarget "HondaHelpTests" */ = {
			isa = XCConfigurationList;
			buildConfigurations = (
				93166E5A1FCCB918000D861C /* Debug */,
				93166E5B1FCCB918000D861C /* Release */,
			);
			defaultConfigurationIsVisible = 0;
			defaultConfigurationName = Release;
		};
		93166E741FCD033D000D861C /* Build configuration list for PBXNativeTarget "ResponseUnit" */ = {
			isa = XCConfigurationList;
			buildConfigurations = (
				93166E751FCD033D000D861C /* Debug */,
				93166E761FCD033D000D861C /* Release */,
			);
			defaultConfigurationIsVisible = 0;
			defaultConfigurationName = Release;
		};
/* End XCConfigurationList section */
	};
	rootObject = 5EA6033E1FCCACD90050BAB6 /* Project object */;
}
